// !$*UTF8*$!
{
	archiveVersion = 1;
	classes = {
	};
	objectVersion = 46;
	objects = {

/* Begin PBXBuildFile section */
		DAE03F2D1D605FF50054CDEB /* brand.xcassets in Resources */ = {isa = PBXBuildFile; fileRef = DAE03EBA1D605FF40054CDEB /* brand.xcassets */; };
		DAE03F2E1D605FF50054CDEB /* ui.xcassets in Resources */ = {isa = PBXBuildFile; fileRef = DAE03EBB1D605FF40054CDEB /* ui.xcassets */; };
		DAE03F2F1D605FF50054CDEB /* CategoryNSDate.swift in Sources */ = {isa = PBXBuildFile; fileRef = DAE03EBD1D605FF40054CDEB /* CategoryNSDate.swift */; };
		DAE03F301D605FF50054CDEB /* CategoryNSFileManager.swift in Sources */ = {isa = PBXBuildFile; fileRef = DAE03EBE1D605FF40054CDEB /* CategoryNSFileManager.swift */; };
		DAE03F311D605FF50054CDEB /* CategoryNSManagerdObject.swift in Sources */ = {isa = PBXBuildFile; fileRef = DAE03EBF1D605FF40054CDEB /* CategoryNSManagerdObject.swift */; };
		DAE03F321D605FF50054CDEB /* CategoryNSNotification.swift in Sources */ = {isa = PBXBuildFile; fileRef = DAE03EC01D605FF40054CDEB /* CategoryNSNotification.swift */; };
		DAE03F331D605FF50054CDEB /* CategoryUICollectionReusableView.swift in Sources */ = {isa = PBXBuildFile; fileRef = DAE03EC11D605FF40054CDEB /* CategoryUICollectionReusableView.swift */; };
		DAE03F341D605FF50054CDEB /* CategoryUIColor.swift in Sources */ = {isa = PBXBuildFile; fileRef = DAE03EC21D605FF40054CDEB /* CategoryUIColor.swift */; };
		DAE03F351D605FF50054CDEB /* CategoryUIFont.swift in Sources */ = {isa = PBXBuildFile; fileRef = DAE03EC31D605FF50054CDEB /* CategoryUIFont.swift */; };
		DAE03F361D605FF50054CDEB /* CategoryUILocalNotification.swift in Sources */ = {isa = PBXBuildFile; fileRef = DAE03EC41D605FF50054CDEB /* CategoryUILocalNotification.swift */; };
		DAE03F371D605FF50054CDEB /* CategoryUIViewController.swift in Sources */ = {isa = PBXBuildFile; fileRef = DAE03EC51D605FF50054CDEB /* CategoryUIViewController.swift */; };
		DAE03F381D605FF50054CDEB /* CCreate.swift in Sources */ = {isa = PBXBuildFile; fileRef = DAE03EC81D605FF50054CDEB /* CCreate.swift */; };
		DAE03F391D605FF50054CDEB /* CMain.swift in Sources */ = {isa = PBXBuildFile; fileRef = DAE03ECA1D605FF50054CDEB /* CMain.swift */; };
		DAE03F3A1D605FF50054CDEB /* CMainController.swift in Sources */ = {isa = PBXBuildFile; fileRef = DAE03ECB1D605FF50054CDEB /* CMainController.swift */; };
		DAE03F3B1D605FF50054CDEB /* CMainParent.swift in Sources */ = {isa = PBXBuildFile; fileRef = DAE03ECC1D605FF50054CDEB /* CMainParent.swift */; };
		DAE03F3C1D605FF50054CDEB /* CProjects.swift in Sources */ = {isa = PBXBuildFile; fileRef = DAE03ECE1D605FF50054CDEB /* CProjects.swift */; };
		DAE03F3D1D605FF50054CDEB /* DManager.swift in Sources */ = {isa = PBXBuildFile; fileRef = DAE03ED11D605FF50054CDEB /* DManager.swift */; };
		DAE03F3E1D605FF50054CDEB /* DManagerModel.swift in Sources */ = {isa = PBXBuildFile; fileRef = DAE03ED21D605FF50054CDEB /* DManagerModel.swift */; };
		DAE03F3F1D605FF50054CDEB /* DManagerModelPokePass.swift in Sources */ = {isa = PBXBuildFile; fileRef = DAE03ED31D605FF50054CDEB /* DManagerModelPokePass.swift */; };
		DAE03F401D605FF50054CDEB /* DManagerSaver.swift in Sources */ = {isa = PBXBuildFile; fileRef = DAE03ED41D605FF50054CDEB /* DManagerSaver.swift */; };
		DAE03F411D605FF50054CDEB /* DPokePassModel.xcdatamodeld in Sources */ = {isa = PBXBuildFile; fileRef = DAE03ED61D605FF50054CDEB /* DPokePassModel.xcdatamodeld */; };
		DAE03F421D605FF50054CDEB /* DInfraPoem+CoreDataProperties.swift in Sources */ = {isa = PBXBuildFile; fileRef = DAE03EDA1D605FF50054CDEB /* DInfraPoem+CoreDataProperties.swift */; };
		DAE03F431D605FF50054CDEB /* DInfraPoem.swift in Sources */ = {isa = PBXBuildFile; fileRef = DAE03EDB1D605FF50054CDEB /* DInfraPoem.swift */; };
		DAE03F441D605FF50054CDEB /* DInfraUser+CoreDataProperties.swift in Sources */ = {isa = PBXBuildFile; fileRef = DAE03EDC1D605FF50054CDEB /* DInfraUser+CoreDataProperties.swift */; };
		DAE03F451D605FF50054CDEB /* DInfraUser.swift in Sources */ = {isa = PBXBuildFile; fileRef = DAE03EDD1D605FF50054CDEB /* DInfraUser.swift */; };
		DAE03F471D605FF50054CDEB /* MCreate.swift in Sources */ = {isa = PBXBuildFile; fileRef = DAE03EE11D605FF50054CDEB /* MCreate.swift */; };
		DAE03F481D605FF50054CDEB /* MMainNav.swift in Sources */ = {isa = PBXBuildFile; fileRef = DAE03EE41D605FF50054CDEB /* MMainNav.swift */; };
		DAE03F491D605FF50054CDEB /* MMainNavItem.swift in Sources */ = {isa = PBXBuildFile; fileRef = DAE03EE51D605FF50054CDEB /* MMainNavItem.swift */; };
		DAE03F4A1D605FF50054CDEB /* MMainNavItemCreate.swift in Sources */ = {isa = PBXBuildFile; fileRef = DAE03EE61D605FF50054CDEB /* MMainNavItemCreate.swift */; };
		DAE03F501D605FF50054CDEB /* MMainNavItemState.swift in Sources */ = {isa = PBXBuildFile; fileRef = DAE03EEC1D605FF50054CDEB /* MMainNavItemState.swift */; };
		DAE03F511D605FF50054CDEB /* MMainNavItemStateActive.swift in Sources */ = {isa = PBXBuildFile; fileRef = DAE03EED1D605FF50054CDEB /* MMainNavItemStateActive.swift */; };
		DAE03F521D605FF50054CDEB /* MMainNavItemStateNone.swift in Sources */ = {isa = PBXBuildFile; fileRef = DAE03EEE1D605FF50054CDEB /* MMainNavItemStateNone.swift */; };
		DAE03F531D605FF50054CDEB /* MMainNavPos.swift in Sources */ = {isa = PBXBuildFile; fileRef = DAE03EEF1D605FF50054CDEB /* MMainNavPos.swift */; };
		DAE03F541D605FF50054CDEB /* MMainNavPostNormal.swift in Sources */ = {isa = PBXBuildFile; fileRef = DAE03EF01D605FF50054CDEB /* MMainNavPostNormal.swift */; };
		DAE03F551D605FF50054CDEB /* MMainNavPostPushed.swift in Sources */ = {isa = PBXBuildFile; fileRef = DAE03EF11D605FF50054CDEB /* MMainNavPostPushed.swift */; };
		DAE03F561D605FF50054CDEB /* MMainTransition.swift in Sources */ = {isa = PBXBuildFile; fileRef = DAE03EF31D605FF50054CDEB /* MMainTransition.swift */; };
		DAE03F571D605FF50054CDEB /* MMainTransitionFade.swift in Sources */ = {isa = PBXBuildFile; fileRef = DAE03EF41D605FF50054CDEB /* MMainTransitionFade.swift */; };
		DAE03F581D605FF50054CDEB /* MMainTransitionPop.swift in Sources */ = {isa = PBXBuildFile; fileRef = DAE03EF51D605FF50054CDEB /* MMainTransitionPop.swift */; };
		DAE03F591D605FF50054CDEB /* MMainTransitionPush.swift in Sources */ = {isa = PBXBuildFile; fileRef = DAE03EF61D605FF50054CDEB /* MMainTransitionPush.swift */; };
		DAE03F5A1D605FF50054CDEB /* MMainTransitionReplace.swift in Sources */ = {isa = PBXBuildFile; fileRef = DAE03EF71D605FF50054CDEB /* MMainTransitionReplace.swift */; };
		DAE03F5B1D605FF50054CDEB /* MMainTransitionScrollLeft.swift in Sources */ = {isa = PBXBuildFile; fileRef = DAE03EF81D605FF50054CDEB /* MMainTransitionScrollLeft.swift */; };
		DAE03F5C1D605FF50054CDEB /* MMainTransitionScrollRight.swift in Sources */ = {isa = PBXBuildFile; fileRef = DAE03EF91D605FF50054CDEB /* MMainTransitionScrollRight.swift */; };
		DAE03F6F1D605FF50054CDEB /* LaunchScreen.storyboard in Resources */ = {isa = PBXBuildFile; fileRef = DAE03F131D605FF50054CDEB /* LaunchScreen.storyboard */; };
		DAE03F701D605FF50054CDEB /* Localizable.strings in Resources */ = {isa = PBXBuildFile; fileRef = DAE03F151D605FF50054CDEB /* Localizable.strings */; };
		DAE03F731D605FF50054CDEB /* VCreate.swift in Sources */ = {isa = PBXBuildFile; fileRef = DAE03F1C1D605FF50054CDEB /* VCreate.swift */; };
		DAE03F791D605FF50054CDEB /* VMainBar.swift in Sources */ = {isa = PBXBuildFile; fileRef = DAE03F241D605FF50054CDEB /* VMainBar.swift */; };
		DAE03F7A1D605FF50054CDEB /* VMainBarBack.swift in Sources */ = {isa = PBXBuildFile; fileRef = DAE03F251D605FF50054CDEB /* VMainBarBack.swift */; };
		DAE03F7B1D605FF50054CDEB /* VMainBarCell.swift in Sources */ = {isa = PBXBuildFile; fileRef = DAE03F261D605FF50054CDEB /* VMainBarCell.swift */; };
		DAE03F7C1D605FF50054CDEB /* VMainAlert.swift in Sources */ = {isa = PBXBuildFile; fileRef = DAE03F281D605FF50054CDEB /* VMainAlert.swift */; };
		DAE03F7D1D605FF50054CDEB /* VMainLoader.swift in Sources */ = {isa = PBXBuildFile; fileRef = DAE03F291D605FF50054CDEB /* VMainLoader.swift */; };
		DAE03F7F1D605FF50054CDEB /* VProjects.swift in Sources */ = {isa = PBXBuildFile; fileRef = DAE03F2C1D605FF50054CDEB /* VProjects.swift */; };
		DAE03F801D6061960054CDEB /* infraTests.swift in Sources */ = {isa = PBXBuildFile; fileRef = DAE03F191D605FF50054CDEB /* infraTests.swift */; };
		DAE03F821D6068040054CDEB /* VMainShadow.swift in Sources */ = {isa = PBXBuildFile; fileRef = DAE03F811D6068040054CDEB /* VMainShadow.swift */; };
		DAE03F841D6069330054CDEB /* MMainNavItemProjects.swift in Sources */ = {isa = PBXBuildFile; fileRef = DAE03F831D6069330054CDEB /* MMainNavItemProjects.swift */; };
/* End PBXBuildFile section */

/* Begin PBXContainerItemProxy section */
		DA2602B41D5E8EC000C3A280 /* PBXContainerItemProxy */ = {
			isa = PBXContainerItemProxy;
			containerPortal = DA2602941D5E8EC000C3A280 /* Project object */;
			proxyType = 1;
			remoteGlobalIDString = DA26029B1D5E8EC000C3A280;
			remoteInfo = pokepass;
		};
/* End PBXContainerItemProxy section */

/* Begin PBXFileReference section */
		DA26029C1D5E8EC000C3A280 /* pokepass.app */ = {isa = PBXFileReference; explicitFileType = wrapper.application; includeInIndex = 0; path = pokepass.app; sourceTree = BUILT_PRODUCTS_DIR; };
		DA2602B31D5E8EC000C3A280 /* pokepassTests.xctest */ = {isa = PBXFileReference; explicitFileType = wrapper.cfbundle; includeInIndex = 0; path = pokepassTests.xctest; sourceTree = BUILT_PRODUCTS_DIR; };
		DAE03EBA1D605FF40054CDEB /* brand.xcassets */ = {isa = PBXFileReference; lastKnownFileType = folder.assetcatalog; path = brand.xcassets; sourceTree = "<group>"; };
		DAE03EBB1D605FF40054CDEB /* ui.xcassets */ = {isa = PBXFileReference; lastKnownFileType = folder.assetcatalog; path = ui.xcassets; sourceTree = "<group>"; };
		DAE03EBD1D605FF40054CDEB /* CategoryNSDate.swift */ = {isa = PBXFileReference; fileEncoding = 4; lastKnownFileType = sourcecode.swift; path = CategoryNSDate.swift; sourceTree = "<group>"; };
		DAE03EBE1D605FF40054CDEB /* CategoryNSFileManager.swift */ = {isa = PBXFileReference; fileEncoding = 4; lastKnownFileType = sourcecode.swift; path = CategoryNSFileManager.swift; sourceTree = "<group>"; };
		DAE03EBF1D605FF40054CDEB /* CategoryNSManagerdObject.swift */ = {isa = PBXFileReference; fileEncoding = 4; lastKnownFileType = sourcecode.swift; path = CategoryNSManagerdObject.swift; sourceTree = "<group>"; };
		DAE03EC01D605FF40054CDEB /* CategoryNSNotification.swift */ = {isa = PBXFileReference; fileEncoding = 4; lastKnownFileType = sourcecode.swift; path = CategoryNSNotification.swift; sourceTree = "<group>"; };
		DAE03EC11D605FF40054CDEB /* CategoryUICollectionReusableView.swift */ = {isa = PBXFileReference; fileEncoding = 4; lastKnownFileType = sourcecode.swift; path = CategoryUICollectionReusableView.swift; sourceTree = "<group>"; };
		DAE03EC21D605FF40054CDEB /* CategoryUIColor.swift */ = {isa = PBXFileReference; fileEncoding = 4; lastKnownFileType = sourcecode.swift; path = CategoryUIColor.swift; sourceTree = "<group>"; };
		DAE03EC31D605FF50054CDEB /* CategoryUIFont.swift */ = {isa = PBXFileReference; fileEncoding = 4; lastKnownFileType = sourcecode.swift; path = CategoryUIFont.swift; sourceTree = "<group>"; };
		DAE03EC41D605FF50054CDEB /* CategoryUILocalNotification.swift */ = {isa = PBXFileReference; fileEncoding = 4; lastKnownFileType = sourcecode.swift; path = CategoryUILocalNotification.swift; sourceTree = "<group>"; };
		DAE03EC51D605FF50054CDEB /* CategoryUIViewController.swift */ = {isa = PBXFileReference; fileEncoding = 4; lastKnownFileType = sourcecode.swift; path = CategoryUIViewController.swift; sourceTree = "<group>"; };
		DAE03EC81D605FF50054CDEB /* CCreate.swift */ = {isa = PBXFileReference; fileEncoding = 4; lastKnownFileType = sourcecode.swift; path = CCreate.swift; sourceTree = "<group>"; };
		DAE03ECA1D605FF50054CDEB /* CMain.swift */ = {isa = PBXFileReference; fileEncoding = 4; lastKnownFileType = sourcecode.swift; path = CMain.swift; sourceTree = "<group>"; };
		DAE03ECB1D605FF50054CDEB /* CMainController.swift */ = {isa = PBXFileReference; fileEncoding = 4; lastKnownFileType = sourcecode.swift; path = CMainController.swift; sourceTree = "<group>"; };
		DAE03ECC1D605FF50054CDEB /* CMainParent.swift */ = {isa = PBXFileReference; fileEncoding = 4; lastKnownFileType = sourcecode.swift; path = CMainParent.swift; sourceTree = "<group>"; };
		DAE03ECE1D605FF50054CDEB /* CProjects.swift */ = {isa = PBXFileReference; fileEncoding = 4; lastKnownFileType = sourcecode.swift; path = CProjects.swift; sourceTree = "<group>"; };
		DAE03ED11D605FF50054CDEB /* DManager.swift */ = {isa = PBXFileReference; fileEncoding = 4; lastKnownFileType = sourcecode.swift; path = DManager.swift; sourceTree = "<group>"; };
		DAE03ED21D605FF50054CDEB /* DManagerModel.swift */ = {isa = PBXFileReference; fileEncoding = 4; lastKnownFileType = sourcecode.swift; path = DManagerModel.swift; sourceTree = "<group>"; };
		DAE03ED31D605FF50054CDEB /* DManagerModelPokePass.swift */ = {isa = PBXFileReference; fileEncoding = 4; lastKnownFileType = sourcecode.swift; path = DManagerModelPokePass.swift; sourceTree = "<group>"; };
		DAE03ED41D605FF50054CDEB /* DManagerSaver.swift */ = {isa = PBXFileReference; fileEncoding = 4; lastKnownFileType = sourcecode.swift; path = DManagerSaver.swift; sourceTree = "<group>"; };
		DAE03ED71D605FF50054CDEB /* infra.xcdatamodel */ = {isa = PBXFileReference; lastKnownFileType = wrapper.xcdatamodel; path = infra.xcdatamodel; sourceTree = "<group>"; };
		DAE03EDA1D605FF50054CDEB /* DInfraPoem+CoreDataProperties.swift */ = {isa = PBXFileReference; fileEncoding = 4; lastKnownFileType = sourcecode.swift; path = "DInfraPoem+CoreDataProperties.swift"; sourceTree = "<group>"; };
		DAE03EDB1D605FF50054CDEB /* DInfraPoem.swift */ = {isa = PBXFileReference; fileEncoding = 4; lastKnownFileType = sourcecode.swift; path = DInfraPoem.swift; sourceTree = "<group>"; };
		DAE03EDC1D605FF50054CDEB /* DInfraUser+CoreDataProperties.swift */ = {isa = PBXFileReference; fileEncoding = 4; lastKnownFileType = sourcecode.swift; path = "DInfraUser+CoreDataProperties.swift"; sourceTree = "<group>"; };
		DAE03EDD1D605FF50054CDEB /* DInfraUser.swift */ = {isa = PBXFileReference; fileEncoding = 4; lastKnownFileType = sourcecode.swift; path = DInfraUser.swift; sourceTree = "<group>"; };
		DAE03EDE1D605FF50054CDEB /* Info.plist */ = {isa = PBXFileReference; fileEncoding = 4; lastKnownFileType = text.plist.xml; path = Info.plist; sourceTree = "<group>"; };
		DAE03EE11D605FF50054CDEB /* MCreate.swift */ = {isa = PBXFileReference; fileEncoding = 4; lastKnownFileType = sourcecode.swift; path = MCreate.swift; sourceTree = "<group>"; };
		DAE03EE41D605FF50054CDEB /* MMainNav.swift */ = {isa = PBXFileReference; fileEncoding = 4; lastKnownFileType = sourcecode.swift; path = MMainNav.swift; sourceTree = "<group>"; };
		DAE03EE51D605FF50054CDEB /* MMainNavItem.swift */ = {isa = PBXFileReference; fileEncoding = 4; lastKnownFileType = sourcecode.swift; path = MMainNavItem.swift; sourceTree = "<group>"; };
		DAE03EE61D605FF50054CDEB /* MMainNavItemCreate.swift */ = {isa = PBXFileReference; fileEncoding = 4; lastKnownFileType = sourcecode.swift; path = MMainNavItemCreate.swift; sourceTree = "<group>"; };
		DAE03EEC1D605FF50054CDEB /* MMainNavItemState.swift */ = {isa = PBXFileReference; fileEncoding = 4; lastKnownFileType = sourcecode.swift; path = MMainNavItemState.swift; sourceTree = "<group>"; };
		DAE03EED1D605FF50054CDEB /* MMainNavItemStateActive.swift */ = {isa = PBXFileReference; fileEncoding = 4; lastKnownFileType = sourcecode.swift; path = MMainNavItemStateActive.swift; sourceTree = "<group>"; };
		DAE03EEE1D605FF50054CDEB /* MMainNavItemStateNone.swift */ = {isa = PBXFileReference; fileEncoding = 4; lastKnownFileType = sourcecode.swift; path = MMainNavItemStateNone.swift; sourceTree = "<group>"; };
		DAE03EEF1D605FF50054CDEB /* MMainNavPos.swift */ = {isa = PBXFileReference; fileEncoding = 4; lastKnownFileType = sourcecode.swift; path = MMainNavPos.swift; sourceTree = "<group>"; };
		DAE03EF01D605FF50054CDEB /* MMainNavPostNormal.swift */ = {isa = PBXFileReference; fileEncoding = 4; lastKnownFileType = sourcecode.swift; path = MMainNavPostNormal.swift; sourceTree = "<group>"; };
		DAE03EF11D605FF50054CDEB /* MMainNavPostPushed.swift */ = {isa = PBXFileReference; fileEncoding = 4; lastKnownFileType = sourcecode.swift; path = MMainNavPostPushed.swift; sourceTree = "<group>"; };
		DAE03EF31D605FF50054CDEB /* MMainTransition.swift */ = {isa = PBXFileReference; fileEncoding = 4; lastKnownFileType = sourcecode.swift; path = MMainTransition.swift; sourceTree = "<group>"; };
		DAE03EF41D605FF50054CDEB /* MMainTransitionFade.swift */ = {isa = PBXFileReference; fileEncoding = 4; lastKnownFileType = sourcecode.swift; path = MMainTransitionFade.swift; sourceTree = "<group>"; };
		DAE03EF51D605FF50054CDEB /* MMainTransitionPop.swift */ = {isa = PBXFileReference; fileEncoding = 4; lastKnownFileType = sourcecode.swift; path = MMainTransitionPop.swift; sourceTree = "<group>"; };
		DAE03EF61D605FF50054CDEB /* MMainTransitionPush.swift */ = {isa = PBXFileReference; fileEncoding = 4; lastKnownFileType = sourcecode.swift; path = MMainTransitionPush.swift; sourceTree = "<group>"; };
		DAE03EF71D605FF50054CDEB /* MMainTransitionReplace.swift */ = {isa = PBXFileReference; fileEncoding = 4; lastKnownFileType = sourcecode.swift; path = MMainTransitionReplace.swift; sourceTree = "<group>"; };
		DAE03EF81D605FF50054CDEB /* MMainTransitionScrollLeft.swift */ = {isa = PBXFileReference; fileEncoding = 4; lastKnownFileType = sourcecode.swift; path = MMainTransitionScrollLeft.swift; sourceTree = "<group>"; };
		DAE03EF91D605FF50054CDEB /* MMainTransitionScrollRight.swift */ = {isa = PBXFileReference; fileEncoding = 4; lastKnownFileType = sourcecode.swift; path = MMainTransitionScrollRight.swift; sourceTree = "<group>"; };
		DAE03F141D605FF50054CDEB /* en */ = {isa = PBXFileReference; lastKnownFileType = file.storyboard; name = en; path = en.lproj/LaunchScreen.storyboard; sourceTree = "<group>"; };
		DAE03F161D605FF50054CDEB /* en */ = {isa = PBXFileReference; lastKnownFileType = text.plist.strings; name = en; path = en.lproj/Localizable.strings; sourceTree = "<group>"; };
		DAE03F181D605FF50054CDEB /* Info.plist */ = {isa = PBXFileReference; fileEncoding = 4; lastKnownFileType = text.plist.xml; path = Info.plist; sourceTree = "<group>"; };
		DAE03F191D605FF50054CDEB /* infraTests.swift */ = {isa = PBXFileReference; fileEncoding = 4; lastKnownFileType = sourcecode.swift; path = infraTests.swift; sourceTree = "<group>"; };
		DAE03F1C1D605FF50054CDEB /* VCreate.swift */ = {isa = PBXFileReference; fileEncoding = 4; lastKnownFileType = sourcecode.swift; path = VCreate.swift; sourceTree = "<group>"; };
		DAE03F241D605FF50054CDEB /* VMainBar.swift */ = {isa = PBXFileReference; fileEncoding = 4; lastKnownFileType = sourcecode.swift; path = VMainBar.swift; sourceTree = "<group>"; };
		DAE03F251D605FF50054CDEB /* VMainBarBack.swift */ = {isa = PBXFileReference; fileEncoding = 4; lastKnownFileType = sourcecode.swift; path = VMainBarBack.swift; sourceTree = "<group>"; };
		DAE03F261D605FF50054CDEB /* VMainBarCell.swift */ = {isa = PBXFileReference; fileEncoding = 4; lastKnownFileType = sourcecode.swift; path = VMainBarCell.swift; sourceTree = "<group>"; };
		DAE03F281D605FF50054CDEB /* VMainAlert.swift */ = {isa = PBXFileReference; fileEncoding = 4; lastKnownFileType = sourcecode.swift; path = VMainAlert.swift; sourceTree = "<group>"; };
		DAE03F291D605FF50054CDEB /* VMainLoader.swift */ = {isa = PBXFileReference; fileEncoding = 4; lastKnownFileType = sourcecode.swift; path = VMainLoader.swift; sourceTree = "<group>"; };
		DAE03F2C1D605FF50054CDEB /* VProjects.swift */ = {isa = PBXFileReference; fileEncoding = 4; lastKnownFileType = sourcecode.swift; path = VProjects.swift; sourceTree = "<group>"; };
		DAE03F811D6068040054CDEB /* VMainShadow.swift */ = {isa = PBXFileReference; fileEncoding = 4; lastKnownFileType = sourcecode.swift; path = VMainShadow.swift; sourceTree = "<group>"; };
		DAE03F831D6069330054CDEB /* MMainNavItemProjects.swift */ = {isa = PBXFileReference; fileEncoding = 4; lastKnownFileType = sourcecode.swift; path = MMainNavItemProjects.swift; sourceTree = "<group>"; };
/* End PBXFileReference section */

/* Begin PBXFrameworksBuildPhase section */
		DA2602991D5E8EC000C3A280 /* Frameworks */ = {
			isa = PBXFrameworksBuildPhase;
			buildActionMask = 2147483647;
			files = (
			);
			runOnlyForDeploymentPostprocessing = 0;
		};
		DA2602B01D5E8EC000C3A280 /* Frameworks */ = {
			isa = PBXFrameworksBuildPhase;
			buildActionMask = 2147483647;
			files = (
			);
			runOnlyForDeploymentPostprocessing = 0;
		};
/* End PBXFrameworksBuildPhase section */

/* Begin PBXGroup section */
		DA2602931D5E8EC000C3A280 = {
			isa = PBXGroup;
			children = (
				DAE03EB81D605FF40054CDEB /* pokepass */,
				DA26029D1D5E8EC000C3A280 /* Products */,
			);
			sourceTree = "<group>";
		};
		DA26029D1D5E8EC000C3A280 /* Products */ = {
			isa = PBXGroup;
			children = (
				DA26029C1D5E8EC000C3A280 /* pokepass.app */,
				DA2602B31D5E8EC000C3A280 /* pokepassTests.xctest */,
			);
			name = Products;
			sourceTree = "<group>";
		};
		DAE03EB81D605FF40054CDEB /* pokepass */ = {
			isa = PBXGroup;
			children = (
				DAE03EB91D605FF40054CDEB /* Asset */,
				DAE03EBC1D605FF40054CDEB /* Category */,
				DAE03EC61D605FF50054CDEB /* Controller */,
				DAE03ECF1D605FF50054CDEB /* Data */,
				DAE03EDE1D605FF50054CDEB /* Info.plist */,
				DAE03EDF1D605FF50054CDEB /* Model */,
				DAE03F121D605FF50054CDEB /* Resource */,
				DAE03F171D605FF50054CDEB /* Test */,
				DAE03F1A1D605FF50054CDEB /* View */,
			);
			path = pokepass;
			sourceTree = "<group>";
		};
		DAE03EB91D605FF40054CDEB /* Asset */ = {
			isa = PBXGroup;
			children = (
				DAE03EBA1D605FF40054CDEB /* brand.xcassets */,
				DAE03EBB1D605FF40054CDEB /* ui.xcassets */,
			);
			path = Asset;
			sourceTree = "<group>";
		};
		DAE03EBC1D605FF40054CDEB /* Category */ = {
			isa = PBXGroup;
			children = (
				DAE03EBD1D605FF40054CDEB /* CategoryNSDate.swift */,
				DAE03EBE1D605FF40054CDEB /* CategoryNSFileManager.swift */,
				DAE03EBF1D605FF40054CDEB /* CategoryNSManagerdObject.swift */,
				DAE03EC01D605FF40054CDEB /* CategoryNSNotification.swift */,
				DAE03EC11D605FF40054CDEB /* CategoryUICollectionReusableView.swift */,
				DAE03EC21D605FF40054CDEB /* CategoryUIColor.swift */,
				DAE03EC31D605FF50054CDEB /* CategoryUIFont.swift */,
				DAE03EC41D605FF50054CDEB /* CategoryUILocalNotification.swift */,
				DAE03EC51D605FF50054CDEB /* CategoryUIViewController.swift */,
			);
			path = Category;
			sourceTree = "<group>";
		};
		DAE03EC61D605FF50054CDEB /* Controller */ = {
			isa = PBXGroup;
			children = (
				DAE03EC71D605FF50054CDEB /* Create */,
				DAE03EC91D605FF50054CDEB /* Main */,
				DAE03ECD1D605FF50054CDEB /* Projects */,
			);
			path = Controller;
			sourceTree = "<group>";
		};
		DAE03EC71D605FF50054CDEB /* Create */ = {
			isa = PBXGroup;
			children = (
				DAE03EC81D605FF50054CDEB /* CCreate.swift */,
			);
			path = Create;
			sourceTree = "<group>";
		};
		DAE03EC91D605FF50054CDEB /* Main */ = {
			isa = PBXGroup;
			children = (
				DAE03ECA1D605FF50054CDEB /* CMain.swift */,
				DAE03ECB1D605FF50054CDEB /* CMainController.swift */,
				DAE03ECC1D605FF50054CDEB /* CMainParent.swift */,
			);
			path = Main;
			sourceTree = "<group>";
		};
		DAE03ECD1D605FF50054CDEB /* Projects */ = {
			isa = PBXGroup;
			children = (
				DAE03ECE1D605FF50054CDEB /* CProjects.swift */,
			);
			path = Projects;
			sourceTree = "<group>";
		};
		DAE03ECF1D605FF50054CDEB /* Data */ = {
			isa = PBXGroup;
			children = (
				DAE03ED01D605FF50054CDEB /* Manager */,
				DAE03ED51D605FF50054CDEB /* Model */,
				DAE03ED81D605FF50054CDEB /* Object */,
			);
			path = Data;
			sourceTree = "<group>";
		};
		DAE03ED01D605FF50054CDEB /* Manager */ = {
			isa = PBXGroup;
			children = (
				DAE03ED11D605FF50054CDEB /* DManager.swift */,
				DAE03ED21D605FF50054CDEB /* DManagerModel.swift */,
				DAE03ED31D605FF50054CDEB /* DManagerModelPokePass.swift */,
				DAE03ED41D605FF50054CDEB /* DManagerSaver.swift */,
			);
			path = Manager;
			sourceTree = "<group>";
		};
		DAE03ED51D605FF50054CDEB /* Model */ = {
			isa = PBXGroup;
			children = (
				DAE03ED61D605FF50054CDEB /* DPokePassModel.xcdatamodeld */,
			);
			path = Model;
			sourceTree = "<group>";
		};
		DAE03ED81D605FF50054CDEB /* Object */ = {
			isa = PBXGroup;
			children = (
				DAE03ED91D605FF50054CDEB /* Infra */,
			);
			path = Object;
			sourceTree = "<group>";
		};
		DAE03ED91D605FF50054CDEB /* Infra */ = {
			isa = PBXGroup;
			children = (
				DAE03EDA1D605FF50054CDEB /* DInfraPoem+CoreDataProperties.swift */,
				DAE03EDB1D605FF50054CDEB /* DInfraPoem.swift */,
				DAE03EDC1D605FF50054CDEB /* DInfraUser+CoreDataProperties.swift */,
				DAE03EDD1D605FF50054CDEB /* DInfraUser.swift */,
			);
			path = Infra;
			sourceTree = "<group>";
		};
		DAE03EDF1D605FF50054CDEB /* Model */ = {
			isa = PBXGroup;
			children = (
				DAE03EE01D605FF50054CDEB /* Create */,
				DAE03EE21D605FF50054CDEB /* Main */,
				DAE03EFA1D605FF50054CDEB /* Projects */,
			);
			path = Model;
			sourceTree = "<group>";
		};
		DAE03EE01D605FF50054CDEB /* Create */ = {
			isa = PBXGroup;
			children = (
				DAE03EE11D605FF50054CDEB /* MCreate.swift */,
			);
			path = Create;
			sourceTree = "<group>";
		};
		DAE03EE21D605FF50054CDEB /* Main */ = {
			isa = PBXGroup;
			children = (
				DAE03EE31D605FF50054CDEB /* Nav */,
				DAE03EF21D605FF50054CDEB /* Transition */,
			);
			path = Main;
			sourceTree = "<group>";
		};
		DAE03EE31D605FF50054CDEB /* Nav */ = {
			isa = PBXGroup;
			children = (
				DAE03EE41D605FF50054CDEB /* MMainNav.swift */,
				DAE03EE51D605FF50054CDEB /* MMainNavItem.swift */,
				DAE03F831D6069330054CDEB /* MMainNavItemProjects.swift */,
				DAE03EE61D605FF50054CDEB /* MMainNavItemCreate.swift */,
				DAE03EEC1D605FF50054CDEB /* MMainNavItemState.swift */,
				DAE03EED1D605FF50054CDEB /* MMainNavItemStateActive.swift */,
				DAE03EEE1D605FF50054CDEB /* MMainNavItemStateNone.swift */,
				DAE03EEF1D605FF50054CDEB /* MMainNavPos.swift */,
				DAE03EF01D605FF50054CDEB /* MMainNavPostNormal.swift */,
				DAE03EF11D605FF50054CDEB /* MMainNavPostPushed.swift */,
			);
			path = Nav;
			sourceTree = "<group>";
		};
		DAE03EF21D605FF50054CDEB /* Transition */ = {
			isa = PBXGroup;
			children = (
				DAE03EF31D605FF50054CDEB /* MMainTransition.swift */,
				DAE03EF41D605FF50054CDEB /* MMainTransitionFade.swift */,
				DAE03EF51D605FF50054CDEB /* MMainTransitionPop.swift */,
				DAE03EF61D605FF50054CDEB /* MMainTransitionPush.swift */,
				DAE03EF71D605FF50054CDEB /* MMainTransitionReplace.swift */,
				DAE03EF81D605FF50054CDEB /* MMainTransitionScrollLeft.swift */,
				DAE03EF91D605FF50054CDEB /* MMainTransitionScrollRight.swift */,
			);
			path = Transition;
			sourceTree = "<group>";
		};
		DAE03EFA1D605FF50054CDEB /* Projects */ = {
			isa = PBXGroup;
			children = (
			);
			path = Projects;
			sourceTree = "<group>";
		};
		DAE03F121D605FF50054CDEB /* Resource */ = {
			isa = PBXGroup;
			children = (
				DAE03F131D605FF50054CDEB /* LaunchScreen.storyboard */,
				DAE03F151D605FF50054CDEB /* Localizable.strings */,
			);
			path = Resource;
			sourceTree = "<group>";
		};
		DAE03F171D605FF50054CDEB /* Test */ = {
			isa = PBXGroup;
			children = (
				DAE03F181D605FF50054CDEB /* Info.plist */,
				DAE03F191D605FF50054CDEB /* infraTests.swift */,
			);
			path = Test;
			sourceTree = "<group>";
		};
		DAE03F1A1D605FF50054CDEB /* View */ = {
			isa = PBXGroup;
			children = (
				DAE03F1B1D605FF50054CDEB /* Create */,
				DAE03F221D605FF50054CDEB /* Main */,
				DAE03F2B1D605FF50054CDEB /* Projects */,
			);
			path = View;
			sourceTree = "<group>";
		};
		DAE03F1B1D605FF50054CDEB /* Create */ = {
			isa = PBXGroup;
			children = (
				DAE03F1C1D605FF50054CDEB /* VCreate.swift */,
			);
			path = Create;
			sourceTree = "<group>";
		};
		DAE03F221D605FF50054CDEB /* Main */ = {
			isa = PBXGroup;
			children = (
				DAE03F231D605FF50054CDEB /* Bar */,
				DAE03F271D605FF50054CDEB /* Generic */,
			);
			path = Main;
			sourceTree = "<group>";
		};
		DAE03F231D605FF50054CDEB /* Bar */ = {
			isa = PBXGroup;
			children = (
				DAE03F241D605FF50054CDEB /* VMainBar.swift */,
				DAE03F251D605FF50054CDEB /* VMainBarBack.swift */,
				DAE03F261D605FF50054CDEB /* VMainBarCell.swift */,
			);
			path = Bar;
			sourceTree = "<group>";
		};
		DAE03F271D605FF50054CDEB /* Generic */ = {
			isa = PBXGroup;
			children = (
				DAE03F811D6068040054CDEB /* VMainShadow.swift */,
				DAE03F281D605FF50054CDEB /* VMainAlert.swift */,
				DAE03F291D605FF50054CDEB /* VMainLoader.swift */,
			);
			path = Generic;
			sourceTree = "<group>";
		};
		DAE03F2B1D605FF50054CDEB /* Projects */ = {
			isa = PBXGroup;
			children = (
				DAE03F2C1D605FF50054CDEB /* VProjects.swift */,
			);
			path = Projects;
			sourceTree = "<group>";
		};
/* End PBXGroup section */

/* Begin PBXNativeTarget section */
		DA26029B1D5E8EC000C3A280 /* pokepass */ = {
			isa = PBXNativeTarget;
			buildConfigurationList = DA2602BC1D5E8EC000C3A280 /* Build configuration list for PBXNativeTarget "pokepass" */;
			buildPhases = (
				DA2602981D5E8EC000C3A280 /* Sources */,
				DA2602991D5E8EC000C3A280 /* Frameworks */,
				DA26029A1D5E8EC000C3A280 /* Resources */,
			);
			buildRules = (
			);
			dependencies = (
			);
			name = pokepass;
			productName = pokepass;
			productReference = DA26029C1D5E8EC000C3A280 /* pokepass.app */;
			productType = "com.apple.product-type.application";
		};
		DA2602B21D5E8EC000C3A280 /* pokepassTests */ = {
			isa = PBXNativeTarget;
			buildConfigurationList = DA2602BF1D5E8EC000C3A280 /* Build configuration list for PBXNativeTarget "pokepassTests" */;
			buildPhases = (
				DA2602AF1D5E8EC000C3A280 /* Sources */,
				DA2602B01D5E8EC000C3A280 /* Frameworks */,
				DA2602B11D5E8EC000C3A280 /* Resources */,
			);
			buildRules = (
			);
			dependencies = (
				DA2602B51D5E8EC000C3A280 /* PBXTargetDependency */,
			);
			name = pokepassTests;
			productName = pokepassTests;
			productReference = DA2602B31D5E8EC000C3A280 /* pokepassTests.xctest */;
			productType = "com.apple.product-type.bundle.unit-test";
		};
/* End PBXNativeTarget section */

/* Begin PBXProject section */
		DA2602941D5E8EC000C3A280 /* Project object */ = {
			isa = PBXProject;
			attributes = {
				LastSwiftUpdateCheck = 0730;
				LastUpgradeCheck = 0730;
				ORGANIZATIONNAME = iturbide;
				TargetAttributes = {
					DA26029B1D5E8EC000C3A280 = {
						CreatedOnToolsVersion = 7.3.1;
						DevelopmentTeam = 7AMWG3RLHN;
					};
					DA2602B21D5E8EC000C3A280 = {
						CreatedOnToolsVersion = 7.3.1;
						TestTargetID = DA26029B1D5E8EC000C3A280;
					};
				};
			};
			buildConfigurationList = DA2602971D5E8EC000C3A280 /* Build configuration list for PBXProject "pokepass" */;
			compatibilityVersion = "Xcode 3.2";
			developmentRegion = English;
			hasScannedForEncodings = 0;
			knownRegions = (
				en,
				Base,
			);
			mainGroup = DA2602931D5E8EC000C3A280;
			productRefGroup = DA26029D1D5E8EC000C3A280 /* Products */;
			projectDirPath = "";
			projectRoot = "";
			targets = (
				DA26029B1D5E8EC000C3A280 /* pokepass */,
				DA2602B21D5E8EC000C3A280 /* pokepassTests */,
			);
		};
/* End PBXProject section */

/* Begin PBXResourcesBuildPhase section */
		DA26029A1D5E8EC000C3A280 /* Resources */ = {
			isa = PBXResourcesBuildPhase;
			buildActionMask = 2147483647;
			files = (
				DAE03F701D605FF50054CDEB /* Localizable.strings in Resources */,
				DAE03F2D1D605FF50054CDEB /* brand.xcassets in Resources */,
				DAE03F6F1D605FF50054CDEB /* LaunchScreen.storyboard in Resources */,
				DAE03F2E1D605FF50054CDEB /* ui.xcassets in Resources */,
			);
			runOnlyForDeploymentPostprocessing = 0;
		};
		DA2602B11D5E8EC000C3A280 /* Resources */ = {
			isa = PBXResourcesBuildPhase;
			buildActionMask = 2147483647;
			files = (
			);
			runOnlyForDeploymentPostprocessing = 0;
		};
/* End PBXResourcesBuildPhase section */

/* Begin PBXSourcesBuildPhase section */
		DA2602981D5E8EC000C3A280 /* Sources */ = {
			isa = PBXSourcesBuildPhase;
			buildActionMask = 2147483647;
			files = (
				DAE03F401D605FF50054CDEB /* DManagerSaver.swift in Sources */,
				DAE03F571D605FF50054CDEB /* MMainTransitionFade.swift in Sources */,
				DAE03F7B1D605FF50054CDEB /* VMainBarCell.swift in Sources */,
				DAE03F531D605FF50054CDEB /* MMainNavPos.swift in Sources */,
				DAE03F471D605FF50054CDEB /* MCreate.swift in Sources */,
				DAE03F3A1D605FF50054CDEB /* CMainController.swift in Sources */,
				DAE03F451D605FF50054CDEB /* DInfraUser.swift in Sources */,
				DAE03F421D605FF50054CDEB /* DInfraPoem+CoreDataProperties.swift in Sources */,
				DAE03F581D605FF50054CDEB /* MMainTransitionPop.swift in Sources */,
				DAE03F491D605FF50054CDEB /* MMainNavItem.swift in Sources */,
				DAE03F311D605FF50054CDEB /* CategoryNSManagerdObject.swift in Sources */,
				DAE03F3B1D605FF50054CDEB /* CMainParent.swift in Sources */,
				DAE03F3C1D605FF50054CDEB /* CProjects.swift in Sources */,
				DAE03F541D605FF50054CDEB /* MMainNavPostNormal.swift in Sources */,
				DAE03F441D605FF50054CDEB /* DInfraUser+CoreDataProperties.swift in Sources */,
				DAE03F511D605FF50054CDEB /* MMainNavItemStateActive.swift in Sources */,
				DAE03F5C1D605FF50054CDEB /* MMainTransitionScrollRight.swift in Sources */,
				DAE03F341D605FF50054CDEB /* CategoryUIColor.swift in Sources */,
				DAE03F321D605FF50054CDEB /* CategoryNSNotification.swift in Sources */,
				DAE03F351D605FF50054CDEB /* CategoryUIFont.swift in Sources */,
				DAE03F5B1D605FF50054CDEB /* MMainTransitionScrollLeft.swift in Sources */,
				DAE03F731D605FF50054CDEB /* VCreate.swift in Sources */,
				DAE03F501D605FF50054CDEB /* MMainNavItemState.swift in Sources */,
				DAE03F481D605FF50054CDEB /* MMainNav.swift in Sources */,
				DAE03F7C1D605FF50054CDEB /* VMainAlert.swift in Sources */,
				DAE03F371D605FF50054CDEB /* CategoryUIViewController.swift in Sources */,
				DAE03F431D605FF50054CDEB /* DInfraPoem.swift in Sources */,
				DAE03F521D605FF50054CDEB /* MMainNavItemStateNone.swift in Sources */,
				DAE03F381D605FF50054CDEB /* CCreate.swift in Sources */,
				DAE03F791D605FF50054CDEB /* VMainBar.swift in Sources */,
				DAE03F4A1D605FF50054CDEB /* MMainNavItemCreate.swift in Sources */,
				DAE03F331D605FF50054CDEB /* CategoryUICollectionReusableView.swift in Sources */,
				DAE03F5A1D605FF50054CDEB /* MMainTransitionReplace.swift in Sources */,
				DAE03F3D1D605FF50054CDEB /* DManager.swift in Sources */,
				DAE03F7F1D605FF50054CDEB /* VProjects.swift in Sources */,
				DAE03F551D605FF50054CDEB /* MMainNavPostPushed.swift in Sources */,
				DAE03F411D605FF50054CDEB /* DPokePassModel.xcdatamodeld in Sources */,
				DAE03F841D6069330054CDEB /* MMainNavItemProjects.swift in Sources */,
				DAE03F391D605FF50054CDEB /* CMain.swift in Sources */,
				DAE03F561D605FF50054CDEB /* MMainTransition.swift in Sources */,
				DAE03F7D1D605FF50054CDEB /* VMainLoader.swift in Sources */,
				DAE03F301D605FF50054CDEB /* CategoryNSFileManager.swift in Sources */,
				DAE03F361D605FF50054CDEB /* CategoryUILocalNotification.swift in Sources */,
				DAE03F3E1D605FF50054CDEB /* DManagerModel.swift in Sources */,
				DAE03F821D6068040054CDEB /* VMainShadow.swift in Sources */,
				DAE03F3F1D605FF50054CDEB /* DManagerModelPokePass.swift in Sources */,
				DAE03F2F1D605FF50054CDEB /* CategoryNSDate.swift in Sources */,
				DAE03F7A1D605FF50054CDEB /* VMainBarBack.swift in Sources */,
				DAE03F591D605FF50054CDEB /* MMainTransitionPush.swift in Sources */,
			);
			runOnlyForDeploymentPostprocessing = 0;
		};
		DA2602AF1D5E8EC000C3A280 /* Sources */ = {
			isa = PBXSourcesBuildPhase;
			buildActionMask = 2147483647;
			files = (
				DAE03F801D6061960054CDEB /* infraTests.swift in Sources */,
			);
			runOnlyForDeploymentPostprocessing = 0;
		};
/* End PBXSourcesBuildPhase section */

/* Begin PBXTargetDependency section */
		DA2602B51D5E8EC000C3A280 /* PBXTargetDependency */ = {
			isa = PBXTargetDependency;
			target = DA26029B1D5E8EC000C3A280 /* pokepass */;
			targetProxy = DA2602B41D5E8EC000C3A280 /* PBXContainerItemProxy */;
		};
/* End PBXTargetDependency section */

/* Begin PBXVariantGroup section */
		DAE03F131D605FF50054CDEB /* LaunchScreen.storyboard */ = {
			isa = PBXVariantGroup;
			children = (
				DAE03F141D605FF50054CDEB /* en */,
			);
			name = LaunchScreen.storyboard;
			sourceTree = "<group>";
		};
		DAE03F151D605FF50054CDEB /* Localizable.strings */ = {
			isa = PBXVariantGroup;
			children = (
				DAE03F161D605FF50054CDEB /* en */,
			);
			name = Localizable.strings;
			sourceTree = "<group>";
		};
/* End PBXVariantGroup section */

/* Begin XCBuildConfiguration section */
		DA2602BA1D5E8EC000C3A280 /* Debug */ = {
			isa = XCBuildConfiguration;
			buildSettings = {
				ALWAYS_SEARCH_USER_PATHS = NO;
				CLANG_ANALYZER_NONNULL = YES;
				CLANG_CXX_LANGUAGE_STANDARD = "gnu++0x";
				CLANG_CXX_LIBRARY = "libc++";
				CLANG_ENABLE_MODULES = YES;
				CLANG_ENABLE_OBJC_ARC = YES;
				CLANG_WARN_BOOL_CONVERSION = YES;
				CLANG_WARN_CONSTANT_CONVERSION = YES;
				CLANG_WARN_DIRECT_OBJC_ISA_USAGE = YES_ERROR;
				CLANG_WARN_EMPTY_BODY = YES;
				CLANG_WARN_ENUM_CONVERSION = YES;
				CLANG_WARN_INT_CONVERSION = YES;
				CLANG_WARN_OBJC_ROOT_CLASS = YES_ERROR;
				CLANG_WARN_UNREACHABLE_CODE = YES;
				CLANG_WARN__DUPLICATE_METHOD_MATCH = YES;
				"CODE_SIGN_IDENTITY[sdk=iphoneos*]" = "iPhone Developer";
				COPY_PHASE_STRIP = NO;
				DEBUG_INFORMATION_FORMAT = dwarf;
				ENABLE_STRICT_OBJC_MSGSEND = YES;
				ENABLE_TESTABILITY = YES;
				GCC_C_LANGUAGE_STANDARD = gnu99;
				GCC_DYNAMIC_NO_PIC = NO;
				GCC_NO_COMMON_BLOCKS = YES;
				GCC_OPTIMIZATION_LEVEL = 0;
				GCC_PREPROCESSOR_DEFINITIONS = (
					"DEBUG=1",
					"$(inherited)",
				);
				GCC_WARN_64_TO_32_BIT_CONVERSION = YES;
				GCC_WARN_ABOUT_RETURN_TYPE = YES_ERROR;
				GCC_WARN_UNDECLARED_SELECTOR = YES;
				GCC_WARN_UNINITIALIZED_AUTOS = YES_AGGRESSIVE;
				GCC_WARN_UNUSED_FUNCTION = YES;
				GCC_WARN_UNUSED_VARIABLE = YES;
				IPHONEOS_DEPLOYMENT_TARGET = 9.3;
				MTL_ENABLE_DEBUG_INFO = YES;
				ONLY_ACTIVE_ARCH = YES;
				SDKROOT = iphoneos;
				SWIFT_OPTIMIZATION_LEVEL = "-Onone";
				TARGETED_DEVICE_FAMILY = "1,2";
			};
			name = Debug;
		};
		DA2602BB1D5E8EC000C3A280 /* Release */ = {
			isa = XCBuildConfiguration;
			buildSettings = {
				ALWAYS_SEARCH_USER_PATHS = NO;
				CLANG_ANALYZER_NONNULL = YES;
				CLANG_CXX_LANGUAGE_STANDARD = "gnu++0x";
				CLANG_CXX_LIBRARY = "libc++";
				CLANG_ENABLE_MODULES = YES;
				CLANG_ENABLE_OBJC_ARC = YES;
				CLANG_WARN_BOOL_CONVERSION = YES;
				CLANG_WARN_CONSTANT_CONVERSION = YES;
				CLANG_WARN_DIRECT_OBJC_ISA_USAGE = YES_ERROR;
				CLANG_WARN_EMPTY_BODY = YES;
				CLANG_WARN_ENUM_CONVERSION = YES;
				CLANG_WARN_INT_CONVERSION = YES;
				CLANG_WARN_OBJC_ROOT_CLASS = YES_ERROR;
				CLANG_WARN_UNREACHABLE_CODE = YES;
				CLANG_WARN__DUPLICATE_METHOD_MATCH = YES;
				"CODE_SIGN_IDENTITY[sdk=iphoneos*]" = "iPhone Developer";
				COPY_PHASE_STRIP = NO;
				DEBUG_INFORMATION_FORMAT = "dwarf-with-dsym";
				ENABLE_NS_ASSERTIONS = NO;
				ENABLE_STRICT_OBJC_MSGSEND = YES;
				GCC_C_LANGUAGE_STANDARD = gnu99;
				GCC_NO_COMMON_BLOCKS = YES;
				GCC_WARN_64_TO_32_BIT_CONVERSION = YES;
				GCC_WARN_ABOUT_RETURN_TYPE = YES_ERROR;
				GCC_WARN_UNDECLARED_SELECTOR = YES;
				GCC_WARN_UNINITIALIZED_AUTOS = YES_AGGRESSIVE;
				GCC_WARN_UNUSED_FUNCTION = YES;
				GCC_WARN_UNUSED_VARIABLE = YES;
				IPHONEOS_DEPLOYMENT_TARGET = 9.3;
				MTL_ENABLE_DEBUG_INFO = NO;
				SDKROOT = iphoneos;
				TARGETED_DEVICE_FAMILY = "1,2";
				VALIDATE_PRODUCT = YES;
			};
			name = Release;
		};
		DA2602BD1D5E8EC000C3A280 /* Debug */ = {
			isa = XCBuildConfiguration;
			buildSettings = {
				ASSETCATALOG_COMPILER_APPICON_NAME = AppIcon;
				CODE_SIGN_IDENTITY = "iPhone Developer";
				INFOPLIST_FILE = pokepass/Info.plist;
				IPHONEOS_DEPLOYMENT_TARGET = 9.0;
				LD_RUNPATH_SEARCH_PATHS = "$(inherited) @executable_path/Frameworks";
				PRODUCT_BUNDLE_IDENTIFIER = iturbide.pokepass;
				PRODUCT_NAME = "$(TARGET_NAME)";
				TARGETED_DEVICE_FAMILY = "1,2";
			};
			name = Debug;
		};
		DA2602BE1D5E8EC000C3A280 /* Release */ = {
			isa = XCBuildConfiguration;
			buildSettings = {
				ASSETCATALOG_COMPILER_APPICON_NAME = AppIcon;
				CODE_SIGN_IDENTITY = "iPhone Distribution";
				INFOPLIST_FILE = pokepass/Info.plist;
				IPHONEOS_DEPLOYMENT_TARGET = 9.0;
				LD_RUNPATH_SEARCH_PATHS = "$(inherited) @executable_path/Frameworks";
				PRODUCT_BUNDLE_IDENTIFIER = iturbide.pokepass;
				PRODUCT_NAME = "$(TARGET_NAME)";
				TARGETED_DEVICE_FAMILY = "1,2";
			};
			name = Release;
		};
		DA2602C01D5E8EC000C3A280 /* Debug */ = {
			isa = XCBuildConfiguration;
			buildSettings = {
				BUNDLE_LOADER = "$(TEST_HOST)";
				INFOPLIST_FILE = pokepass/Test/Info.plist;
				LD_RUNPATH_SEARCH_PATHS = "$(inherited) @executable_path/Frameworks @loader_path/Frameworks";
				PRODUCT_BUNDLE_IDENTIFIER = iturbide.pokepassTests;
				PRODUCT_NAME = "$(TARGET_NAME)";
				TEST_HOST = "$(BUILT_PRODUCTS_DIR)/pokepass.app/pokepass";
			};
			name = Debug;
		};
		DA2602C11D5E8EC000C3A280 /* Release */ = {
			isa = XCBuildConfiguration;
			buildSettings = {
				BUNDLE_LOADER = "$(TEST_HOST)";
				INFOPLIST_FILE = pokepass/Test/Info.plist;
				LD_RUNPATH_SEARCH_PATHS = "$(inherited) @executable_path/Frameworks @loader_path/Frameworks";
				PRODUCT_BUNDLE_IDENTIFIER = iturbide.pokepassTests;
				PRODUCT_NAME = "$(TARGET_NAME)";
				TEST_HOST = "$(BUILT_PRODUCTS_DIR)/pokepass.app/pokepass";
			};
			name = Release;
		};
/* End XCBuildConfiguration section */

/* Begin XCConfigurationList section */
		DA2602971D5E8EC000C3A280 /* Build configuration list for PBXProject "pokepass" */ = {
			isa = XCConfigurationList;
			buildConfigurations = (
				DA2602BA1D5E8EC000C3A280 /* Debug */,
				DA2602BB1D5E8EC000C3A280 /* Release */,
			);
			defaultConfigurationIsVisible = 0;
			defaultConfigurationName = Release;
		};
		DA2602BC1D5E8EC000C3A280 /* Build configuration list for PBXNativeTarget "pokepass" */ = {
			isa = XCConfigurationList;
			buildConfigurations = (
				DA2602BD1D5E8EC000C3A280 /* Debug */,
				DA2602BE1D5E8EC000C3A280 /* Release */,
			);
			defaultConfigurationIsVisible = 0;
			defaultConfigurationName = Release;
		};
		DA2602BF1D5E8EC000C3A280 /* Build configuration list for PBXNativeTarget "pokepassTests" */ = {
			isa = XCConfigurationList;
			buildConfigurations = (
				DA2602C01D5E8EC000C3A280 /* Debug */,
				DA2602C11D5E8EC000C3A280 /* Release */,
			);
			defaultConfigurationIsVisible = 0;
			defaultConfigurationName = Release;
		};
/* End XCConfigurationList section */

/* Begin XCVersionGroup section */
		DAE03ED61D605FF50054CDEB /* DPokePassModel.xcdatamodeld */ = {
			isa = XCVersionGroup;
			children = (
				DAE03ED71D605FF50054CDEB /* infra.xcdatamodel */,
			);
			currentVersion = DAE03ED71D605FF50054CDEB /* infra.xcdatamodel */;
			path = DPokePassModel.xcdatamodeld;
			sourceTree = "<group>";
			versionGroupType = wrapper.xcdatamodel;
		};
/* End XCVersionGroup section */
	};
	rootObject = DA2602941D5E8EC000C3A280 /* Project object */;
}
