// !$*UTF8*$!
{
	archiveVersion = 1;
	classes = {
	};
	objectVersion = 46;
	objects = {

/* Begin PBXBuildFile section */
		DA0977B01D63652100DBE72A /* MProjectItemLocation.swift in Sources */ = {isa = PBXBuildFile; fileRef = DA0977AF1D63652100DBE72A /* MProjectItemLocation.swift */; };
		DA9AC69A1D6246EA00F0F5C8 /* VProjectsCell.swift in Sources */ = {isa = PBXBuildFile; fileRef = DA9AC6991D6246EA00F0F5C8 /* VProjectsCell.swift */; };
		DA9AC69C1D62498700F0F5C8 /* MProjects.swift in Sources */ = {isa = PBXBuildFile; fileRef = DA9AC69B1D62498700F0F5C8 /* MProjects.swift */; };
		DA9AC69E1D6249AD00F0F5C8 /* MProjectsItem.swift in Sources */ = {isa = PBXBuildFile; fileRef = DA9AC69D1D6249AD00F0F5C8 /* MProjectsItem.swift */; };
		DA9AC6A01D62512A00F0F5C8 /* VProjectsHeader.swift in Sources */ = {isa = PBXBuildFile; fileRef = DA9AC69F1D62512A00F0F5C8 /* VProjectsHeader.swift */; };
		DAABC7FE1D629ACC00807DA9 /* CProjectsDetail.swift in Sources */ = {isa = PBXBuildFile; fileRef = DAABC7FD1D629ACC00807DA9 /* CProjectsDetail.swift */; };
		DAABC8001D629AEE00807DA9 /* VProjectsDetail.swift in Sources */ = {isa = PBXBuildFile; fileRef = DAABC7FF1D629AEE00807DA9 /* VProjectsDetail.swift */; };
		DAABC8021D629DC400807DA9 /* MProjectsDetail.swift in Sources */ = {isa = PBXBuildFile; fileRef = DAABC8011D629DC400807DA9 /* MProjectsDetail.swift */; };
		DAABC8041D629DD100807DA9 /* MProjectsDetailSection.swift in Sources */ = {isa = PBXBuildFile; fileRef = DAABC8031D629DD100807DA9 /* MProjectsDetailSection.swift */; };
		DAABC8061D629DEB00807DA9 /* MProjectsDetailItem.swift in Sources */ = {isa = PBXBuildFile; fileRef = DAABC8051D629DEB00807DA9 /* MProjectsDetailItem.swift */; };
		DAABC8081D629FF500807DA9 /* MProjectsDetailSectionSpeed.swift in Sources */ = {isa = PBXBuildFile; fileRef = DAABC8071D629FF500807DA9 /* MProjectsDetailSectionSpeed.swift */; };
		DAABC80A1D62A18A00807DA9 /* MProjectsDetailItemSpeed.swift in Sources */ = {isa = PBXBuildFile; fileRef = DAABC8091D62A18A00807DA9 /* MProjectsDetailItemSpeed.swift */; };
		DAABC80C1D62A1A100807DA9 /* MProjectsDetailItemSpeedSlowWalk.swift in Sources */ = {isa = PBXBuildFile; fileRef = DAABC80B1D62A1A100807DA9 /* MProjectsDetailItemSpeedSlowWalk.swift */; };
		DAABC80E1D62A1AE00807DA9 /* MProjectsDetailItemSpeedWalk.swift in Sources */ = {isa = PBXBuildFile; fileRef = DAABC80D1D62A1AE00807DA9 /* MProjectsDetailItemSpeedWalk.swift */; };
		DAABC8101D62A1BA00807DA9 /* MProjectsDetailItemSpeedRun.swift in Sources */ = {isa = PBXBuildFile; fileRef = DAABC80F1D62A1BA00807DA9 /* MProjectsDetailItemSpeedRun.swift */; };
		DAABC8121D62A1C600807DA9 /* MProjectsDetailItemSpeedVehicle.swift in Sources */ = {isa = PBXBuildFile; fileRef = DAABC8111D62A1C600807DA9 /* MProjectsDetailItemSpeedVehicle.swift */; };
		DAABC8141D62A5B900807DA9 /* VProjectsDetailHeader.swift in Sources */ = {isa = PBXBuildFile; fileRef = DAABC8131D62A5B900807DA9 /* VProjectsDetailHeader.swift */; };
		DAABC8161D62A5C300807DA9 /* VProjectsDetailFooter.swift in Sources */ = {isa = PBXBuildFile; fileRef = DAABC8151D62A5C300807DA9 /* VProjectsDetailFooter.swift */; };
		DAABC8181D62A5D200807DA9 /* VProjectsDetailCell.swift in Sources */ = {isa = PBXBuildFile; fileRef = DAABC8171D62A5D200807DA9 /* VProjectsDetailCell.swift */; };
		DAABC81A1D62A89000807DA9 /* VProjectsDetailCellSpeed.swift in Sources */ = {isa = PBXBuildFile; fileRef = DAABC8191D62A89000807DA9 /* VProjectsDetailCellSpeed.swift */; };
		DAAE307D1E06260300AFAA98 /* DGPX.xcdatamodeld in Sources */ = {isa = PBXBuildFile; fileRef = DAAE307B1E06260300AFAA98 /* DGPX.xcdatamodeld */; };
		DAAE307F1E06263700AFAA98 /* DManager.swift in Sources */ = {isa = PBXBuildFile; fileRef = DAAE307E1E06263700AFAA98 /* DManager.swift */; };
		DAB088411D64B3BA00C3A083 /* MMainNavItemSettings.swift in Sources */ = {isa = PBXBuildFile; fileRef = DAB088401D64B3BA00C3A083 /* MMainNavItemSettings.swift */; };
		DAB088481D64B7EE00C3A083 /* DPokePassSettings.swift in Sources */ = {isa = PBXBuildFile; fileRef = DAB088461D64B7EE00C3A083 /* DPokePassSettings.swift */; };
		DAB0884E1D64BAB100C3A083 /* MSettings.swift in Sources */ = {isa = PBXBuildFile; fileRef = DAB0884D1D64BAB100C3A083 /* MSettings.swift */; };
		DAB088501D64D30800C3A083 /* CSettings.swift in Sources */ = {isa = PBXBuildFile; fileRef = DAB0884F1D64D30800C3A083 /* CSettings.swift */; };
		DAB088521D64D37F00C3A083 /* VSettings.swift in Sources */ = {isa = PBXBuildFile; fileRef = DAB088511D64D37F00C3A083 /* VSettings.swift */; };
		DAB088541D64D54C00C3A083 /* MSettingsMenu.swift in Sources */ = {isa = PBXBuildFile; fileRef = DAB088531D64D54C00C3A083 /* MSettingsMenu.swift */; };
		DAB088561D64D59600C3A083 /* MSettingsMenuItem.swift in Sources */ = {isa = PBXBuildFile; fileRef = DAB088551D64D59600C3A083 /* MSettingsMenuItem.swift */; };
		DAB088581D64D5B100C3A083 /* MSettingsMenuItemMetrics.swift in Sources */ = {isa = PBXBuildFile; fileRef = DAB088571D64D5B100C3A083 /* MSettingsMenuItemMetrics.swift */; };
		DAB0885A1D64D71500C3A083 /* VSettingsCell.swift in Sources */ = {isa = PBXBuildFile; fileRef = DAB088591D64D71500C3A083 /* VSettingsCell.swift */; };
		DAB0885C1D64DE2A00C3A083 /* VSettingsCellMetrics.swift in Sources */ = {isa = PBXBuildFile; fileRef = DAB0885B1D64DE2A00C3A083 /* VSettingsCellMetrics.swift */; };
		DAB0885E1D64EDA600C3A083 /* MSettingsMenuItemMetricsOption.swift in Sources */ = {isa = PBXBuildFile; fileRef = DAB0885D1D64EDA600C3A083 /* MSettingsMenuItemMetricsOption.swift */; };
		DAB088601D64EDCB00C3A083 /* MSettingsMenuItemMetricsOptionInternational.swift in Sources */ = {isa = PBXBuildFile; fileRef = DAB0885F1D64EDCB00C3A083 /* MSettingsMenuItemMetricsOptionInternational.swift */; };
		DAB088621D64EDD900C3A083 /* MSettingsMenuItemMetricsOptionUs.swift in Sources */ = {isa = PBXBuildFile; fileRef = DAB088611D64EDD900C3A083 /* MSettingsMenuItemMetricsOptionUs.swift */; };
		DAB088641D6509ED00C3A083 /* VCreateFinder.swift in Sources */ = {isa = PBXBuildFile; fileRef = DAB088631D6509ED00C3A083 /* VCreateFinder.swift */; };
		DAE03F2D1D605FF50054CDEB /* brand.xcassets in Resources */ = {isa = PBXBuildFile; fileRef = DAE03EBA1D605FF40054CDEB /* brand.xcassets */; };
		DAE03F301D605FF50054CDEB /* CategoryNSFileManager.swift in Sources */ = {isa = PBXBuildFile; fileRef = DAE03EBE1D605FF40054CDEB /* CategoryNSFileManager.swift */; };
		DAE03F311D605FF50054CDEB /* CategoryNSManagerdObject.swift in Sources */ = {isa = PBXBuildFile; fileRef = DAE03EBF1D605FF40054CDEB /* CategoryNSManagerdObject.swift */; };
		DAE03F321D605FF50054CDEB /* CategoryNSNotification.swift in Sources */ = {isa = PBXBuildFile; fileRef = DAE03EC01D605FF40054CDEB /* CategoryNSNotification.swift */; };
		DAE03F331D605FF50054CDEB /* CategoryUICollectionReusableView.swift in Sources */ = {isa = PBXBuildFile; fileRef = DAE03EC11D605FF40054CDEB /* CategoryUICollectionReusableView.swift */; };
		DAE03F341D605FF50054CDEB /* CategoryUIColor.swift in Sources */ = {isa = PBXBuildFile; fileRef = DAE03EC21D605FF40054CDEB /* CategoryUIColor.swift */; };
		DAE03F351D605FF50054CDEB /* CategoryUIFont.swift in Sources */ = {isa = PBXBuildFile; fileRef = DAE03EC31D605FF50054CDEB /* CategoryUIFont.swift */; };
		DAE03F381D605FF50054CDEB /* CCreate.swift in Sources */ = {isa = PBXBuildFile; fileRef = DAE03EC81D605FF50054CDEB /* CCreate.swift */; };
		DAE03F391D605FF50054CDEB /* CMain.swift in Sources */ = {isa = PBXBuildFile; fileRef = DAE03ECA1D605FF50054CDEB /* CMain.swift */; };
		DAE03F3A1D605FF50054CDEB /* CMainController.swift in Sources */ = {isa = PBXBuildFile; fileRef = DAE03ECB1D605FF50054CDEB /* CMainController.swift */; };
		DAE03F3B1D605FF50054CDEB /* CMainParent.swift in Sources */ = {isa = PBXBuildFile; fileRef = DAE03ECC1D605FF50054CDEB /* CMainParent.swift */; };
		DAE03F3C1D605FF50054CDEB /* CProjects.swift in Sources */ = {isa = PBXBuildFile; fileRef = DAE03ECE1D605FF50054CDEB /* CProjects.swift */; };
		DAE03F3D1D605FF50054CDEB /* DManager.swift in Sources */ = {isa = PBXBuildFile; fileRef = DAE03ED11D605FF50054CDEB /* DManager.swift */; };
		DAE03F3E1D605FF50054CDEB /* DManagerModel.swift in Sources */ = {isa = PBXBuildFile; fileRef = DAE03ED21D605FF50054CDEB /* DManagerModel.swift */; };
		DAE03F3F1D605FF50054CDEB /* DManagerModelPokePass.swift in Sources */ = {isa = PBXBuildFile; fileRef = DAE03ED31D605FF50054CDEB /* DManagerModelPokePass.swift */; };
		DAE03F401D605FF50054CDEB /* DManagerSaver.swift in Sources */ = {isa = PBXBuildFile; fileRef = DAE03ED41D605FF50054CDEB /* DManagerSaver.swift */; };
		DAE03F411D605FF50054CDEB /* DPokePassModel.xcdatamodeld in Sources */ = {isa = PBXBuildFile; fileRef = DAE03ED61D605FF50054CDEB /* DPokePassModel.xcdatamodeld */; };
		DAE03F471D605FF50054CDEB /* MCreate.swift in Sources */ = {isa = PBXBuildFile; fileRef = DAE03EE11D605FF50054CDEB /* MCreate.swift */; };
		DAE03F481D605FF50054CDEB /* MMainNav.swift in Sources */ = {isa = PBXBuildFile; fileRef = DAE03EE41D605FF50054CDEB /* MMainNav.swift */; };
		DAE03F491D605FF50054CDEB /* MMainNavItem.swift in Sources */ = {isa = PBXBuildFile; fileRef = DAE03EE51D605FF50054CDEB /* MMainNavItem.swift */; };
		DAE03F4A1D605FF50054CDEB /* MMainNavItemCreate.swift in Sources */ = {isa = PBXBuildFile; fileRef = DAE03EE61D605FF50054CDEB /* MMainNavItemCreate.swift */; };
		DAE03F501D605FF50054CDEB /* MMainNavItemState.swift in Sources */ = {isa = PBXBuildFile; fileRef = DAE03EEC1D605FF50054CDEB /* MMainNavItemState.swift */; };
		DAE03F511D605FF50054CDEB /* MMainNavItemStateActive.swift in Sources */ = {isa = PBXBuildFile; fileRef = DAE03EED1D605FF50054CDEB /* MMainNavItemStateActive.swift */; };
		DAE03F521D605FF50054CDEB /* MMainNavItemStateNone.swift in Sources */ = {isa = PBXBuildFile; fileRef = DAE03EEE1D605FF50054CDEB /* MMainNavItemStateNone.swift */; };
		DAE03F531D605FF50054CDEB /* MMainNavPos.swift in Sources */ = {isa = PBXBuildFile; fileRef = DAE03EEF1D605FF50054CDEB /* MMainNavPos.swift */; };
		DAE03F541D605FF50054CDEB /* MMainNavPostNormal.swift in Sources */ = {isa = PBXBuildFile; fileRef = DAE03EF01D605FF50054CDEB /* MMainNavPostNormal.swift */; };
		DAE03F551D605FF50054CDEB /* MMainNavPostPushed.swift in Sources */ = {isa = PBXBuildFile; fileRef = DAE03EF11D605FF50054CDEB /* MMainNavPostPushed.swift */; };
		DAE03F561D605FF50054CDEB /* MMainTransition.swift in Sources */ = {isa = PBXBuildFile; fileRef = DAE03EF31D605FF50054CDEB /* MMainTransition.swift */; };
		DAE03F571D605FF50054CDEB /* MMainTransitionFade.swift in Sources */ = {isa = PBXBuildFile; fileRef = DAE03EF41D605FF50054CDEB /* MMainTransitionFade.swift */; };
		DAE03F581D605FF50054CDEB /* MMainTransitionPop.swift in Sources */ = {isa = PBXBuildFile; fileRef = DAE03EF51D605FF50054CDEB /* MMainTransitionPop.swift */; };
		DAE03F591D605FF50054CDEB /* MMainTransitionPush.swift in Sources */ = {isa = PBXBuildFile; fileRef = DAE03EF61D605FF50054CDEB /* MMainTransitionPush.swift */; };
		DAE03F5A1D605FF50054CDEB /* MMainTransitionReplace.swift in Sources */ = {isa = PBXBuildFile; fileRef = DAE03EF71D605FF50054CDEB /* MMainTransitionReplace.swift */; };
		DAE03F5B1D605FF50054CDEB /* MMainTransitionScrollLeft.swift in Sources */ = {isa = PBXBuildFile; fileRef = DAE03EF81D605FF50054CDEB /* MMainTransitionScrollLeft.swift */; };
		DAE03F5C1D605FF50054CDEB /* MMainTransitionScrollRight.swift in Sources */ = {isa = PBXBuildFile; fileRef = DAE03EF91D605FF50054CDEB /* MMainTransitionScrollRight.swift */; };
		DAE03F701D605FF50054CDEB /* Localizable.strings in Resources */ = {isa = PBXBuildFile; fileRef = DAE03F151D605FF50054CDEB /* Localizable.strings */; };
		DAE03F731D605FF50054CDEB /* VCreate.swift in Sources */ = {isa = PBXBuildFile; fileRef = DAE03F1C1D605FF50054CDEB /* VCreate.swift */; };
		DAE03F791D605FF50054CDEB /* VMainBar.swift in Sources */ = {isa = PBXBuildFile; fileRef = DAE03F241D605FF50054CDEB /* VMainBar.swift */; };
		DAE03F7A1D605FF50054CDEB /* VMainBarBack.swift in Sources */ = {isa = PBXBuildFile; fileRef = DAE03F251D605FF50054CDEB /* VMainBarBack.swift */; };
		DAE03F7B1D605FF50054CDEB /* VMainBarCell.swift in Sources */ = {isa = PBXBuildFile; fileRef = DAE03F261D605FF50054CDEB /* VMainBarCell.swift */; };
		DAE03F7C1D605FF50054CDEB /* VMainAlert.swift in Sources */ = {isa = PBXBuildFile; fileRef = DAE03F281D605FF50054CDEB /* VMainAlert.swift */; };
		DAE03F7D1D605FF50054CDEB /* VMainLoader.swift in Sources */ = {isa = PBXBuildFile; fileRef = DAE03F291D605FF50054CDEB /* VMainLoader.swift */; };
		DAE03F7F1D605FF50054CDEB /* VProjects.swift in Sources */ = {isa = PBXBuildFile; fileRef = DAE03F2C1D605FF50054CDEB /* VProjects.swift */; };
		DAE03F821D6068040054CDEB /* VMainShadow.swift in Sources */ = {isa = PBXBuildFile; fileRef = DAE03F811D6068040054CDEB /* VMainShadow.swift */; };
		DAE03F841D6069330054CDEB /* MMainNavItemProjects.swift in Sources */ = {isa = PBXBuildFile; fileRef = DAE03F831D6069330054CDEB /* MMainNavItemProjects.swift */; };
		DAE03F931D607BAA0054CDEB /* DPokePassLocation.swift in Sources */ = {isa = PBXBuildFile; fileRef = DAE03F8F1D607BAA0054CDEB /* DPokePassLocation.swift */; };
		DAE03F951D607BAA0054CDEB /* DPokePassProject.swift in Sources */ = {isa = PBXBuildFile; fileRef = DAE03F911D607BAA0054CDEB /* DPokePassProject.swift */; };
		DAE03F971D6080390054CDEB /* LaunchScreen.storyboard in Resources */ = {isa = PBXBuildFile; fileRef = DAE03F961D6080390054CDEB /* LaunchScreen.storyboard */; };
		DAE03F991D6080C70054CDEB /* MapKit.framework in Frameworks */ = {isa = PBXBuildFile; fileRef = DAE03F981D6080C70054CDEB /* MapKit.framework */; };
		DAE03F9B1D610C0F0054CDEB /* VCreateMap.swift in Sources */ = {isa = PBXBuildFile; fileRef = DAE03F9A1D610C0F0054CDEB /* VCreateMap.swift */; };
		DAE03F9D1D610F430054CDEB /* MCreateAnnotation.swift in Sources */ = {isa = PBXBuildFile; fileRef = DAE03F9C1D610F430054CDEB /* MCreateAnnotation.swift */; };
		DAE03FA31D6110590054CDEB /* VCreateMapPin.swift in Sources */ = {isa = PBXBuildFile; fileRef = DAE03FA21D6110590054CDEB /* VCreateMapPin.swift */; };
		DAE03FA91D6111C90054CDEB /* CategoryMKAnnotationView.swift in Sources */ = {isa = PBXBuildFile; fileRef = DAE03FA81D6111C90054CDEB /* CategoryMKAnnotationView.swift */; };
		DAE03FAD1D6116640054CDEB /* VCreateOptions.swift in Sources */ = {isa = PBXBuildFile; fileRef = DAE03FAC1D6116640054CDEB /* VCreateOptions.swift */; };
		DAE03FB11D611AE30054CDEB /* VCreateOptionsCell.swift in Sources */ = {isa = PBXBuildFile; fileRef = DAE03FB01D611AE30054CDEB /* VCreateOptionsCell.swift */; };
		DAE03FB31D61300B0054CDEB /* ui.xcassets in Resources */ = {isa = PBXBuildFile; fileRef = DAE03FB21D61300B0054CDEB /* ui.xcassets */; };
		DAE03FBE1D6137200054CDEB /* MCreateOptions.swift in Sources */ = {isa = PBXBuildFile; fileRef = DAE03FBD1D6137200054CDEB /* MCreateOptions.swift */; };
		DAE03FC01D61372C0054CDEB /* MCreateOptionsItem.swift in Sources */ = {isa = PBXBuildFile; fileRef = DAE03FBF1D61372C0054CDEB /* MCreateOptionsItem.swift */; };
		DAE03FC21D6138820054CDEB /* MCreateOptionsItemSave.swift in Sources */ = {isa = PBXBuildFile; fileRef = DAE03FC11D6138820054CDEB /* MCreateOptionsItemSave.swift */; };
		DAE03FC41D6138C30054CDEB /* MCreateOptionsItemClear.swift in Sources */ = {isa = PBXBuildFile; fileRef = DAE03FC31D6138C30054CDEB /* MCreateOptionsItemClear.swift */; };
		DAE03FCA1D61538A0054CDEB /* VCreateMapPointer.swift in Sources */ = {isa = PBXBuildFile; fileRef = DAE03FC91D61538A0054CDEB /* VCreateMapPointer.swift */; };
/* End PBXBuildFile section */

/* Begin PBXFileReference section */
		DA0977AF1D63652100DBE72A /* MProjectItemLocation.swift */ = {isa = PBXFileReference; fileEncoding = 4; lastKnownFileType = sourcecode.swift; path = MProjectItemLocation.swift; sourceTree = "<group>"; };
		DA26029C1D5E8EC000C3A280 /* pokepass.app */ = {isa = PBXFileReference; explicitFileType = wrapper.application; includeInIndex = 0; path = pokepass.app; sourceTree = BUILT_PRODUCTS_DIR; };
		DA9AC6991D6246EA00F0F5C8 /* VProjectsCell.swift */ = {isa = PBXFileReference; fileEncoding = 4; lastKnownFileType = sourcecode.swift; path = VProjectsCell.swift; sourceTree = "<group>"; };
		DA9AC69B1D62498700F0F5C8 /* MProjects.swift */ = {isa = PBXFileReference; fileEncoding = 4; lastKnownFileType = sourcecode.swift; path = MProjects.swift; sourceTree = "<group>"; };
		DA9AC69D1D6249AD00F0F5C8 /* MProjectsItem.swift */ = {isa = PBXFileReference; fileEncoding = 4; lastKnownFileType = sourcecode.swift; path = MProjectsItem.swift; sourceTree = "<group>"; };
		DA9AC69F1D62512A00F0F5C8 /* VProjectsHeader.swift */ = {isa = PBXFileReference; fileEncoding = 4; lastKnownFileType = sourcecode.swift; path = VProjectsHeader.swift; sourceTree = "<group>"; };
		DAABC7FD1D629ACC00807DA9 /* CProjectsDetail.swift */ = {isa = PBXFileReference; fileEncoding = 4; lastKnownFileType = sourcecode.swift; path = CProjectsDetail.swift; sourceTree = "<group>"; };
		DAABC7FF1D629AEE00807DA9 /* VProjectsDetail.swift */ = {isa = PBXFileReference; fileEncoding = 4; lastKnownFileType = sourcecode.swift; path = VProjectsDetail.swift; sourceTree = "<group>"; };
		DAABC8011D629DC400807DA9 /* MProjectsDetail.swift */ = {isa = PBXFileReference; fileEncoding = 4; lastKnownFileType = sourcecode.swift; path = MProjectsDetail.swift; sourceTree = "<group>"; };
		DAABC8031D629DD100807DA9 /* MProjectsDetailSection.swift */ = {isa = PBXFileReference; fileEncoding = 4; lastKnownFileType = sourcecode.swift; path = MProjectsDetailSection.swift; sourceTree = "<group>"; };
		DAABC8051D629DEB00807DA9 /* MProjectsDetailItem.swift */ = {isa = PBXFileReference; fileEncoding = 4; lastKnownFileType = sourcecode.swift; path = MProjectsDetailItem.swift; sourceTree = "<group>"; };
		DAABC8071D629FF500807DA9 /* MProjectsDetailSectionSpeed.swift */ = {isa = PBXFileReference; fileEncoding = 4; lastKnownFileType = sourcecode.swift; path = MProjectsDetailSectionSpeed.swift; sourceTree = "<group>"; };
		DAABC8091D62A18A00807DA9 /* MProjectsDetailItemSpeed.swift */ = {isa = PBXFileReference; fileEncoding = 4; lastKnownFileType = sourcecode.swift; path = MProjectsDetailItemSpeed.swift; sourceTree = "<group>"; };
		DAABC80B1D62A1A100807DA9 /* MProjectsDetailItemSpeedSlowWalk.swift */ = {isa = PBXFileReference; fileEncoding = 4; lastKnownFileType = sourcecode.swift; path = MProjectsDetailItemSpeedSlowWalk.swift; sourceTree = "<group>"; };
		DAABC80D1D62A1AE00807DA9 /* MProjectsDetailItemSpeedWalk.swift */ = {isa = PBXFileReference; fileEncoding = 4; lastKnownFileType = sourcecode.swift; path = MProjectsDetailItemSpeedWalk.swift; sourceTree = "<group>"; };
		DAABC80F1D62A1BA00807DA9 /* MProjectsDetailItemSpeedRun.swift */ = {isa = PBXFileReference; fileEncoding = 4; lastKnownFileType = sourcecode.swift; path = MProjectsDetailItemSpeedRun.swift; sourceTree = "<group>"; };
		DAABC8111D62A1C600807DA9 /* MProjectsDetailItemSpeedVehicle.swift */ = {isa = PBXFileReference; fileEncoding = 4; lastKnownFileType = sourcecode.swift; path = MProjectsDetailItemSpeedVehicle.swift; sourceTree = "<group>"; };
		DAABC8131D62A5B900807DA9 /* VProjectsDetailHeader.swift */ = {isa = PBXFileReference; fileEncoding = 4; lastKnownFileType = sourcecode.swift; path = VProjectsDetailHeader.swift; sourceTree = "<group>"; };
		DAABC8151D62A5C300807DA9 /* VProjectsDetailFooter.swift */ = {isa = PBXFileReference; fileEncoding = 4; lastKnownFileType = sourcecode.swift; path = VProjectsDetailFooter.swift; sourceTree = "<group>"; };
		DAABC8171D62A5D200807DA9 /* VProjectsDetailCell.swift */ = {isa = PBXFileReference; fileEncoding = 4; lastKnownFileType = sourcecode.swift; path = VProjectsDetailCell.swift; sourceTree = "<group>"; };
		DAABC8191D62A89000807DA9 /* VProjectsDetailCellSpeed.swift */ = {isa = PBXFileReference; fileEncoding = 4; lastKnownFileType = sourcecode.swift; path = VProjectsDetailCellSpeed.swift; sourceTree = "<group>"; };
		DAAE307C1E06260300AFAA98 /* DGPX.xcdatamodel */ = {isa = PBXFileReference; lastKnownFileType = wrapper.xcdatamodel; path = DGPX.xcdatamodel; sourceTree = "<group>"; };
		DAAE307E1E06263700AFAA98 /* DManager.swift */ = {isa = PBXFileReference; fileEncoding = 4; lastKnownFileType = sourcecode.swift; path = DManager.swift; sourceTree = "<group>"; };
		DAB088401D64B3BA00C3A083 /* MMainNavItemSettings.swift */ = {isa = PBXFileReference; fileEncoding = 4; lastKnownFileType = sourcecode.swift; path = MMainNavItemSettings.swift; sourceTree = "<group>"; };
		DAB088461D64B7EE00C3A083 /* DPokePassSettings.swift */ = {isa = PBXFileReference; fileEncoding = 4; lastKnownFileType = sourcecode.swift; path = DPokePassSettings.swift; sourceTree = "<group>"; };
		DAB0884D1D64BAB100C3A083 /* MSettings.swift */ = {isa = PBXFileReference; fileEncoding = 4; lastKnownFileType = sourcecode.swift; path = MSettings.swift; sourceTree = "<group>"; };
		DAB0884F1D64D30800C3A083 /* CSettings.swift */ = {isa = PBXFileReference; fileEncoding = 4; lastKnownFileType = sourcecode.swift; path = CSettings.swift; sourceTree = "<group>"; };
		DAB088511D64D37F00C3A083 /* VSettings.swift */ = {isa = PBXFileReference; fileEncoding = 4; lastKnownFileType = sourcecode.swift; path = VSettings.swift; sourceTree = "<group>"; };
		DAB088531D64D54C00C3A083 /* MSettingsMenu.swift */ = {isa = PBXFileReference; fileEncoding = 4; lastKnownFileType = sourcecode.swift; path = MSettingsMenu.swift; sourceTree = "<group>"; };
		DAB088551D64D59600C3A083 /* MSettingsMenuItem.swift */ = {isa = PBXFileReference; fileEncoding = 4; lastKnownFileType = sourcecode.swift; path = MSettingsMenuItem.swift; sourceTree = "<group>"; };
		DAB088571D64D5B100C3A083 /* MSettingsMenuItemMetrics.swift */ = {isa = PBXFileReference; fileEncoding = 4; lastKnownFileType = sourcecode.swift; path = MSettingsMenuItemMetrics.swift; sourceTree = "<group>"; };
		DAB088591D64D71500C3A083 /* VSettingsCell.swift */ = {isa = PBXFileReference; fileEncoding = 4; lastKnownFileType = sourcecode.swift; path = VSettingsCell.swift; sourceTree = "<group>"; };
		DAB0885B1D64DE2A00C3A083 /* VSettingsCellMetrics.swift */ = {isa = PBXFileReference; fileEncoding = 4; lastKnownFileType = sourcecode.swift; path = VSettingsCellMetrics.swift; sourceTree = "<group>"; };
		DAB0885D1D64EDA600C3A083 /* MSettingsMenuItemMetricsOption.swift */ = {isa = PBXFileReference; fileEncoding = 4; lastKnownFileType = sourcecode.swift; path = MSettingsMenuItemMetricsOption.swift; sourceTree = "<group>"; };
		DAB0885F1D64EDCB00C3A083 /* MSettingsMenuItemMetricsOptionInternational.swift */ = {isa = PBXFileReference; fileEncoding = 4; lastKnownFileType = sourcecode.swift; path = MSettingsMenuItemMetricsOptionInternational.swift; sourceTree = "<group>"; };
		DAB088611D64EDD900C3A083 /* MSettingsMenuItemMetricsOptionUs.swift */ = {isa = PBXFileReference; fileEncoding = 4; lastKnownFileType = sourcecode.swift; path = MSettingsMenuItemMetricsOptionUs.swift; sourceTree = "<group>"; };
		DAB088631D6509ED00C3A083 /* VCreateFinder.swift */ = {isa = PBXFileReference; fileEncoding = 4; lastKnownFileType = sourcecode.swift; path = VCreateFinder.swift; sourceTree = "<group>"; };
		DAE03EBA1D605FF40054CDEB /* brand.xcassets */ = {isa = PBXFileReference; lastKnownFileType = folder.assetcatalog; path = brand.xcassets; sourceTree = "<group>"; };
		DAE03EBE1D605FF40054CDEB /* CategoryNSFileManager.swift */ = {isa = PBXFileReference; fileEncoding = 4; lastKnownFileType = sourcecode.swift; path = CategoryNSFileManager.swift; sourceTree = "<group>"; };
		DAE03EBF1D605FF40054CDEB /* CategoryNSManagerdObject.swift */ = {isa = PBXFileReference; fileEncoding = 4; lastKnownFileType = sourcecode.swift; path = CategoryNSManagerdObject.swift; sourceTree = "<group>"; };
		DAE03EC01D605FF40054CDEB /* CategoryNSNotification.swift */ = {isa = PBXFileReference; fileEncoding = 4; lastKnownFileType = sourcecode.swift; path = CategoryNSNotification.swift; sourceTree = "<group>"; };
		DAE03EC11D605FF40054CDEB /* CategoryUICollectionReusableView.swift */ = {isa = PBXFileReference; fileEncoding = 4; lastKnownFileType = sourcecode.swift; path = CategoryUICollectionReusableView.swift; sourceTree = "<group>"; };
		DAE03EC21D605FF40054CDEB /* CategoryUIColor.swift */ = {isa = PBXFileReference; fileEncoding = 4; lastKnownFileType = sourcecode.swift; path = CategoryUIColor.swift; sourceTree = "<group>"; };
		DAE03EC31D605FF50054CDEB /* CategoryUIFont.swift */ = {isa = PBXFileReference; fileEncoding = 4; lastKnownFileType = sourcecode.swift; path = CategoryUIFont.swift; sourceTree = "<group>"; };
		DAE03EC81D605FF50054CDEB /* CCreate.swift */ = {isa = PBXFileReference; fileEncoding = 4; lastKnownFileType = sourcecode.swift; path = CCreate.swift; sourceTree = "<group>"; };
		DAE03ECA1D605FF50054CDEB /* CMain.swift */ = {isa = PBXFileReference; fileEncoding = 4; lastKnownFileType = sourcecode.swift; path = CMain.swift; sourceTree = "<group>"; };
		DAE03ECB1D605FF50054CDEB /* CMainController.swift */ = {isa = PBXFileReference; fileEncoding = 4; lastKnownFileType = sourcecode.swift; path = CMainController.swift; sourceTree = "<group>"; };
		DAE03ECC1D605FF50054CDEB /* CMainParent.swift */ = {isa = PBXFileReference; fileEncoding = 4; lastKnownFileType = sourcecode.swift; path = CMainParent.swift; sourceTree = "<group>"; };
		DAE03ECE1D605FF50054CDEB /* CProjects.swift */ = {isa = PBXFileReference; fileEncoding = 4; lastKnownFileType = sourcecode.swift; path = CProjects.swift; sourceTree = "<group>"; };
		DAE03ED11D605FF50054CDEB /* DManager.swift */ = {isa = PBXFileReference; fileEncoding = 4; lastKnownFileType = sourcecode.swift; path = DManager.swift; sourceTree = "<group>"; };
		DAE03ED21D605FF50054CDEB /* DManagerModel.swift */ = {isa = PBXFileReference; fileEncoding = 4; lastKnownFileType = sourcecode.swift; path = DManagerModel.swift; sourceTree = "<group>"; };
		DAE03ED31D605FF50054CDEB /* DManagerModelPokePass.swift */ = {isa = PBXFileReference; fileEncoding = 4; lastKnownFileType = sourcecode.swift; path = DManagerModelPokePass.swift; sourceTree = "<group>"; };
		DAE03ED41D605FF50054CDEB /* DManagerSaver.swift */ = {isa = PBXFileReference; fileEncoding = 4; lastKnownFileType = sourcecode.swift; path = DManagerSaver.swift; sourceTree = "<group>"; };
		DAE03ED71D605FF50054CDEB /* infra.xcdatamodel */ = {isa = PBXFileReference; lastKnownFileType = wrapper.xcdatamodel; path = infra.xcdatamodel; sourceTree = "<group>"; };
		DAE03EDE1D605FF50054CDEB /* Info.plist */ = {isa = PBXFileReference; fileEncoding = 4; lastKnownFileType = text.plist.xml; path = Info.plist; sourceTree = "<group>"; };
		DAE03EE11D605FF50054CDEB /* MCreate.swift */ = {isa = PBXFileReference; fileEncoding = 4; lastKnownFileType = sourcecode.swift; path = MCreate.swift; sourceTree = "<group>"; };
		DAE03EE41D605FF50054CDEB /* MMainNav.swift */ = {isa = PBXFileReference; fileEncoding = 4; lastKnownFileType = sourcecode.swift; path = MMainNav.swift; sourceTree = "<group>"; };
		DAE03EE51D605FF50054CDEB /* MMainNavItem.swift */ = {isa = PBXFileReference; fileEncoding = 4; lastKnownFileType = sourcecode.swift; path = MMainNavItem.swift; sourceTree = "<group>"; };
		DAE03EE61D605FF50054CDEB /* MMainNavItemCreate.swift */ = {isa = PBXFileReference; fileEncoding = 4; lastKnownFileType = sourcecode.swift; path = MMainNavItemCreate.swift; sourceTree = "<group>"; };
		DAE03EEC1D605FF50054CDEB /* MMainNavItemState.swift */ = {isa = PBXFileReference; fileEncoding = 4; lastKnownFileType = sourcecode.swift; path = MMainNavItemState.swift; sourceTree = "<group>"; };
		DAE03EED1D605FF50054CDEB /* MMainNavItemStateActive.swift */ = {isa = PBXFileReference; fileEncoding = 4; lastKnownFileType = sourcecode.swift; path = MMainNavItemStateActive.swift; sourceTree = "<group>"; };
		DAE03EEE1D605FF50054CDEB /* MMainNavItemStateNone.swift */ = {isa = PBXFileReference; fileEncoding = 4; lastKnownFileType = sourcecode.swift; path = MMainNavItemStateNone.swift; sourceTree = "<group>"; };
		DAE03EEF1D605FF50054CDEB /* MMainNavPos.swift */ = {isa = PBXFileReference; fileEncoding = 4; lastKnownFileType = sourcecode.swift; path = MMainNavPos.swift; sourceTree = "<group>"; };
		DAE03EF01D605FF50054CDEB /* MMainNavPostNormal.swift */ = {isa = PBXFileReference; fileEncoding = 4; lastKnownFileType = sourcecode.swift; path = MMainNavPostNormal.swift; sourceTree = "<group>"; };
		DAE03EF11D605FF50054CDEB /* MMainNavPostPushed.swift */ = {isa = PBXFileReference; fileEncoding = 4; lastKnownFileType = sourcecode.swift; path = MMainNavPostPushed.swift; sourceTree = "<group>"; };
		DAE03EF31D605FF50054CDEB /* MMainTransition.swift */ = {isa = PBXFileReference; fileEncoding = 4; lastKnownFileType = sourcecode.swift; path = MMainTransition.swift; sourceTree = "<group>"; };
		DAE03EF41D605FF50054CDEB /* MMainTransitionFade.swift */ = {isa = PBXFileReference; fileEncoding = 4; lastKnownFileType = sourcecode.swift; path = MMainTransitionFade.swift; sourceTree = "<group>"; };
		DAE03EF51D605FF50054CDEB /* MMainTransitionPop.swift */ = {isa = PBXFileReference; fileEncoding = 4; lastKnownFileType = sourcecode.swift; path = MMainTransitionPop.swift; sourceTree = "<group>"; };
		DAE03EF61D605FF50054CDEB /* MMainTransitionPush.swift */ = {isa = PBXFileReference; fileEncoding = 4; lastKnownFileType = sourcecode.swift; path = MMainTransitionPush.swift; sourceTree = "<group>"; };
		DAE03EF71D605FF50054CDEB /* MMainTransitionReplace.swift */ = {isa = PBXFileReference; fileEncoding = 4; lastKnownFileType = sourcecode.swift; path = MMainTransitionReplace.swift; sourceTree = "<group>"; };
		DAE03EF81D605FF50054CDEB /* MMainTransitionScrollLeft.swift */ = {isa = PBXFileReference; fileEncoding = 4; lastKnownFileType = sourcecode.swift; path = MMainTransitionScrollLeft.swift; sourceTree = "<group>"; };
		DAE03EF91D605FF50054CDEB /* MMainTransitionScrollRight.swift */ = {isa = PBXFileReference; fileEncoding = 4; lastKnownFileType = sourcecode.swift; path = MMainTransitionScrollRight.swift; sourceTree = "<group>"; };
		DAE03F161D605FF50054CDEB /* en */ = {isa = PBXFileReference; lastKnownFileType = text.plist.strings; name = en; path = en.lproj/Localizable.strings; sourceTree = "<group>"; };
		DAE03F1C1D605FF50054CDEB /* VCreate.swift */ = {isa = PBXFileReference; fileEncoding = 4; lastKnownFileType = sourcecode.swift; path = VCreate.swift; sourceTree = "<group>"; };
		DAE03F241D605FF50054CDEB /* VMainBar.swift */ = {isa = PBXFileReference; fileEncoding = 4; lastKnownFileType = sourcecode.swift; path = VMainBar.swift; sourceTree = "<group>"; };
		DAE03F251D605FF50054CDEB /* VMainBarBack.swift */ = {isa = PBXFileReference; fileEncoding = 4; lastKnownFileType = sourcecode.swift; path = VMainBarBack.swift; sourceTree = "<group>"; };
		DAE03F261D605FF50054CDEB /* VMainBarCell.swift */ = {isa = PBXFileReference; fileEncoding = 4; lastKnownFileType = sourcecode.swift; path = VMainBarCell.swift; sourceTree = "<group>"; };
		DAE03F281D605FF50054CDEB /* VMainAlert.swift */ = {isa = PBXFileReference; fileEncoding = 4; lastKnownFileType = sourcecode.swift; path = VMainAlert.swift; sourceTree = "<group>"; };
		DAE03F291D605FF50054CDEB /* VMainLoader.swift */ = {isa = PBXFileReference; fileEncoding = 4; lastKnownFileType = sourcecode.swift; path = VMainLoader.swift; sourceTree = "<group>"; };
		DAE03F2C1D605FF50054CDEB /* VProjects.swift */ = {isa = PBXFileReference; fileEncoding = 4; lastKnownFileType = sourcecode.swift; path = VProjects.swift; sourceTree = "<group>"; };
		DAE03F811D6068040054CDEB /* VMainShadow.swift */ = {isa = PBXFileReference; fileEncoding = 4; lastKnownFileType = sourcecode.swift; path = VMainShadow.swift; sourceTree = "<group>"; };
		DAE03F831D6069330054CDEB /* MMainNavItemProjects.swift */ = {isa = PBXFileReference; fileEncoding = 4; lastKnownFileType = sourcecode.swift; path = MMainNavItemProjects.swift; sourceTree = "<group>"; };
		DAE03F8F1D607BAA0054CDEB /* DPokePassLocation.swift */ = {isa = PBXFileReference; fileEncoding = 4; lastKnownFileType = sourcecode.swift; path = DPokePassLocation.swift; sourceTree = "<group>"; };
		DAE03F911D607BAA0054CDEB /* DPokePassProject.swift */ = {isa = PBXFileReference; fileEncoding = 4; lastKnownFileType = sourcecode.swift; path = DPokePassProject.swift; sourceTree = "<group>"; };
		DAE03F961D6080390054CDEB /* LaunchScreen.storyboard */ = {isa = PBXFileReference; fileEncoding = 4; lastKnownFileType = file.storyboard; path = LaunchScreen.storyboard; sourceTree = "<group>"; };
		DAE03F981D6080C70054CDEB /* MapKit.framework */ = {isa = PBXFileReference; lastKnownFileType = wrapper.framework; name = MapKit.framework; path = System/Library/Frameworks/MapKit.framework; sourceTree = SDKROOT; };
		DAE03F9A1D610C0F0054CDEB /* VCreateMap.swift */ = {isa = PBXFileReference; fileEncoding = 4; lastKnownFileType = sourcecode.swift; path = VCreateMap.swift; sourceTree = "<group>"; };
		DAE03F9C1D610F430054CDEB /* MCreateAnnotation.swift */ = {isa = PBXFileReference; fileEncoding = 4; lastKnownFileType = sourcecode.swift; path = MCreateAnnotation.swift; sourceTree = "<group>"; };
		DAE03FA21D6110590054CDEB /* VCreateMapPin.swift */ = {isa = PBXFileReference; fileEncoding = 4; lastKnownFileType = sourcecode.swift; path = VCreateMapPin.swift; sourceTree = "<group>"; };
		DAE03FA81D6111C90054CDEB /* CategoryMKAnnotationView.swift */ = {isa = PBXFileReference; fileEncoding = 4; lastKnownFileType = sourcecode.swift; path = CategoryMKAnnotationView.swift; sourceTree = "<group>"; };
		DAE03FAC1D6116640054CDEB /* VCreateOptions.swift */ = {isa = PBXFileReference; fileEncoding = 4; lastKnownFileType = sourcecode.swift; path = VCreateOptions.swift; sourceTree = "<group>"; };
		DAE03FB01D611AE30054CDEB /* VCreateOptionsCell.swift */ = {isa = PBXFileReference; fileEncoding = 4; lastKnownFileType = sourcecode.swift; path = VCreateOptionsCell.swift; sourceTree = "<group>"; };
		DAE03FB21D61300B0054CDEB /* ui.xcassets */ = {isa = PBXFileReference; lastKnownFileType = folder.assetcatalog; path = ui.xcassets; sourceTree = "<group>"; };
		DAE03FBD1D6137200054CDEB /* MCreateOptions.swift */ = {isa = PBXFileReference; fileEncoding = 4; lastKnownFileType = sourcecode.swift; path = MCreateOptions.swift; sourceTree = "<group>"; };
		DAE03FBF1D61372C0054CDEB /* MCreateOptionsItem.swift */ = {isa = PBXFileReference; fileEncoding = 4; lastKnownFileType = sourcecode.swift; path = MCreateOptionsItem.swift; sourceTree = "<group>"; };
		DAE03FC11D6138820054CDEB /* MCreateOptionsItemSave.swift */ = {isa = PBXFileReference; fileEncoding = 4; lastKnownFileType = sourcecode.swift; path = MCreateOptionsItemSave.swift; sourceTree = "<group>"; };
		DAE03FC31D6138C30054CDEB /* MCreateOptionsItemClear.swift */ = {isa = PBXFileReference; fileEncoding = 4; lastKnownFileType = sourcecode.swift; path = MCreateOptionsItemClear.swift; sourceTree = "<group>"; };
		DAE03FC91D61538A0054CDEB /* VCreateMapPointer.swift */ = {isa = PBXFileReference; fileEncoding = 4; lastKnownFileType = sourcecode.swift; path = VCreateMapPointer.swift; sourceTree = "<group>"; };
/* End PBXFileReference section */

/* Begin PBXFrameworksBuildPhase section */
		DA2602991D5E8EC000C3A280 /* Frameworks */ = {
			isa = PBXFrameworksBuildPhase;
			buildActionMask = 2147483647;
			files = (
				DAE03F991D6080C70054CDEB /* MapKit.framework in Frameworks */,
			);
			runOnlyForDeploymentPostprocessing = 0;
		};
/* End PBXFrameworksBuildPhase section */

/* Begin PBXGroup section */
		DA2602931D5E8EC000C3A280 = {
			isa = PBXGroup;
			children = (
				DAE03F981D6080C70054CDEB /* MapKit.framework */,
				DAE03EB81D605FF40054CDEB /* pokepass */,
				DA26029D1D5E8EC000C3A280 /* Products */,
			);
			sourceTree = "<group>";
		};
		DA26029D1D5E8EC000C3A280 /* Products */ = {
			isa = PBXGroup;
			children = (
				DA26029C1D5E8EC000C3A280 /* pokepass.app */,
			);
			name = Products;
			sourceTree = "<group>";
		};
		DAB0884A1D64BA4B00C3A083 /* Settings */ = {
			isa = PBXGroup;
			children = (
				DAB0884D1D64BAB100C3A083 /* MSettings.swift */,
				DAB088531D64D54C00C3A083 /* MSettingsMenu.swift */,
				DAB088551D64D59600C3A083 /* MSettingsMenuItem.swift */,
				DAB088571D64D5B100C3A083 /* MSettingsMenuItemMetrics.swift */,
				DAB0885D1D64EDA600C3A083 /* MSettingsMenuItemMetricsOption.swift */,
				DAB0885F1D64EDCB00C3A083 /* MSettingsMenuItemMetricsOptionInternational.swift */,
				DAB088611D64EDD900C3A083 /* MSettingsMenuItemMetricsOptionUs.swift */,
			);
			path = Settings;
			sourceTree = "<group>";
		};
		DAB0884B1D64BA5600C3A083 /* Settings */ = {
			isa = PBXGroup;
			children = (
				DAB0884F1D64D30800C3A083 /* CSettings.swift */,
			);
			path = Settings;
			sourceTree = "<group>";
		};
		DAB0884C1D64BA6100C3A083 /* Settings */ = {
			isa = PBXGroup;
			children = (
				DAB088511D64D37F00C3A083 /* VSettings.swift */,
				DAB088591D64D71500C3A083 /* VSettingsCell.swift */,
				DAB0885B1D64DE2A00C3A083 /* VSettingsCellMetrics.swift */,
			);
			path = Settings;
			sourceTree = "<group>";
		};
		DAE03EB81D605FF40054CDEB /* pokepass */ = {
			isa = PBXGroup;
			children = (
				DAE03EB91D605FF40054CDEB /* Asset */,
				DAE03EBC1D605FF40054CDEB /* Category */,
				DAE03EC61D605FF50054CDEB /* Controller */,
				DAE03ECF1D605FF50054CDEB /* Data */,
				DAE03EDE1D605FF50054CDEB /* Info.plist */,
				DAE03EDF1D605FF50054CDEB /* Model */,
				DAE03F121D605FF50054CDEB /* Resource */,
				DAE03F1A1D605FF50054CDEB /* View */,
			);
			path = pokepass;
			sourceTree = "<group>";
		};
		DAE03EB91D605FF40054CDEB /* Asset */ = {
			isa = PBXGroup;
			children = (
				DAE03FB21D61300B0054CDEB /* ui.xcassets */,
				DAE03EBA1D605FF40054CDEB /* brand.xcassets */,
			);
			path = Asset;
			sourceTree = "<group>";
		};
		DAE03EBC1D605FF40054CDEB /* Category */ = {
			isa = PBXGroup;
			children = (
				DAE03EBE1D605FF40054CDEB /* CategoryNSFileManager.swift */,
				DAE03EBF1D605FF40054CDEB /* CategoryNSManagerdObject.swift */,
				DAE03EC01D605FF40054CDEB /* CategoryNSNotification.swift */,
				DAE03EC11D605FF40054CDEB /* CategoryUICollectionReusableView.swift */,
				DAE03EC21D605FF40054CDEB /* CategoryUIColor.swift */,
				DAE03EC31D605FF50054CDEB /* CategoryUIFont.swift */,
				DAE03FA81D6111C90054CDEB /* CategoryMKAnnotationView.swift */,
			);
			path = Category;
			sourceTree = "<group>";
		};
		DAE03EC61D605FF50054CDEB /* Controller */ = {
			isa = PBXGroup;
			children = (
				DAB0884B1D64BA5600C3A083 /* Settings */,
				DAE03EC71D605FF50054CDEB /* Create */,
				DAE03EC91D605FF50054CDEB /* Main */,
				DAE03ECD1D605FF50054CDEB /* Projects */,
			);
			path = Controller;
			sourceTree = "<group>";
		};
		DAE03EC71D605FF50054CDEB /* Create */ = {
			isa = PBXGroup;
			children = (
				DAE03EC81D605FF50054CDEB /* CCreate.swift */,
			);
			path = Create;
			sourceTree = "<group>";
		};
		DAE03EC91D605FF50054CDEB /* Main */ = {
			isa = PBXGroup;
			children = (
				DAE03ECA1D605FF50054CDEB /* CMain.swift */,
				DAE03ECB1D605FF50054CDEB /* CMainController.swift */,
				DAE03ECC1D605FF50054CDEB /* CMainParent.swift */,
			);
			path = Main;
			sourceTree = "<group>";
		};
		DAE03ECD1D605FF50054CDEB /* Projects */ = {
			isa = PBXGroup;
			children = (
				DAE03ECE1D605FF50054CDEB /* CProjects.swift */,
				DAABC7FD1D629ACC00807DA9 /* CProjectsDetail.swift */,
			);
			path = Projects;
			sourceTree = "<group>";
		};
		DAE03ECF1D605FF50054CDEB /* Data */ = {
			isa = PBXGroup;
			children = (
				DAE03ED01D605FF50054CDEB /* Manager */,
				DAE03ED51D605FF50054CDEB /* Model */,
				DAE03ED81D605FF50054CDEB /* Object */,
				DAAE307B1E06260300AFAA98 /* DGPX.xcdatamodeld */,
				DAAE307E1E06263700AFAA98 /* DManager.swift */,
			);
			path = Data;
			sourceTree = "<group>";
		};
		DAE03ED01D605FF50054CDEB /* Manager */ = {
			isa = PBXGroup;
			children = (
				DAE03ED11D605FF50054CDEB /* DManager.swift */,
				DAE03ED21D605FF50054CDEB /* DManagerModel.swift */,
				DAE03ED31D605FF50054CDEB /* DManagerModelPokePass.swift */,
				DAE03ED41D605FF50054CDEB /* DManagerSaver.swift */,
			);
			path = Manager;
			sourceTree = "<group>";
		};
		DAE03ED51D605FF50054CDEB /* Model */ = {
			isa = PBXGroup;
			children = (
				DAE03ED61D605FF50054CDEB /* DPokePassModel.xcdatamodeld */,
			);
			path = Model;
			sourceTree = "<group>";
		};
		DAE03ED81D605FF50054CDEB /* Object */ = {
			isa = PBXGroup;
			children = (
				DAE03F8D1D607BAA0054CDEB /* PokePass */,
			);
			path = Object;
			sourceTree = "<group>";
		};
		DAE03EDF1D605FF50054CDEB /* Model */ = {
			isa = PBXGroup;
			children = (
				DAB0884A1D64BA4B00C3A083 /* Settings */,
				DAE03EE01D605FF50054CDEB /* Create */,
				DAE03EE21D605FF50054CDEB /* Main */,
				DAE03EFA1D605FF50054CDEB /* Projects */,
			);
			path = Model;
			sourceTree = "<group>";
		};
		DAE03EE01D605FF50054CDEB /* Create */ = {
			isa = PBXGroup;
			children = (
				DAE03EE11D605FF50054CDEB /* MCreate.swift */,
				DAE03F9C1D610F430054CDEB /* MCreateAnnotation.swift */,
				DAE03FBD1D6137200054CDEB /* MCreateOptions.swift */,
				DAE03FBF1D61372C0054CDEB /* MCreateOptionsItem.swift */,
				DAE03FC11D6138820054CDEB /* MCreateOptionsItemSave.swift */,
				DAE03FC31D6138C30054CDEB /* MCreateOptionsItemClear.swift */,
			);
			path = Create;
			sourceTree = "<group>";
		};
		DAE03EE21D605FF50054CDEB /* Main */ = {
			isa = PBXGroup;
			children = (
				DAE03EE31D605FF50054CDEB /* Nav */,
				DAE03EF21D605FF50054CDEB /* Transition */,
			);
			path = Main;
			sourceTree = "<group>";
		};
		DAE03EE31D605FF50054CDEB /* Nav */ = {
			isa = PBXGroup;
			children = (
				DAE03EE41D605FF50054CDEB /* MMainNav.swift */,
				DAE03EE51D605FF50054CDEB /* MMainNavItem.swift */,
				DAE03F831D6069330054CDEB /* MMainNavItemProjects.swift */,
				DAE03EE61D605FF50054CDEB /* MMainNavItemCreate.swift */,
				DAB088401D64B3BA00C3A083 /* MMainNavItemSettings.swift */,
				DAE03EEC1D605FF50054CDEB /* MMainNavItemState.swift */,
				DAE03EED1D605FF50054CDEB /* MMainNavItemStateActive.swift */,
				DAE03EEE1D605FF50054CDEB /* MMainNavItemStateNone.swift */,
				DAE03EEF1D605FF50054CDEB /* MMainNavPos.swift */,
				DAE03EF01D605FF50054CDEB /* MMainNavPostNormal.swift */,
				DAE03EF11D605FF50054CDEB /* MMainNavPostPushed.swift */,
			);
			path = Nav;
			sourceTree = "<group>";
		};
		DAE03EF21D605FF50054CDEB /* Transition */ = {
			isa = PBXGroup;
			children = (
				DAE03EF31D605FF50054CDEB /* MMainTransition.swift */,
				DAE03EF41D605FF50054CDEB /* MMainTransitionFade.swift */,
				DAE03EF51D605FF50054CDEB /* MMainTransitionPop.swift */,
				DAE03EF61D605FF50054CDEB /* MMainTransitionPush.swift */,
				DAE03EF71D605FF50054CDEB /* MMainTransitionReplace.swift */,
				DAE03EF81D605FF50054CDEB /* MMainTransitionScrollLeft.swift */,
				DAE03EF91D605FF50054CDEB /* MMainTransitionScrollRight.swift */,
			);
			path = Transition;
			sourceTree = "<group>";
		};
		DAE03EFA1D605FF50054CDEB /* Projects */ = {
			isa = PBXGroup;
			children = (
				DA9AC69B1D62498700F0F5C8 /* MProjects.swift */,
				DA9AC69D1D6249AD00F0F5C8 /* MProjectsItem.swift */,
				DA0977AF1D63652100DBE72A /* MProjectItemLocation.swift */,
				DAABC8011D629DC400807DA9 /* MProjectsDetail.swift */,
				DAABC8031D629DD100807DA9 /* MProjectsDetailSection.swift */,
				DAABC8071D629FF500807DA9 /* MProjectsDetailSectionSpeed.swift */,
				DAABC8051D629DEB00807DA9 /* MProjectsDetailItem.swift */,
				DAABC8091D62A18A00807DA9 /* MProjectsDetailItemSpeed.swift */,
				DAABC80B1D62A1A100807DA9 /* MProjectsDetailItemSpeedSlowWalk.swift */,
				DAABC80D1D62A1AE00807DA9 /* MProjectsDetailItemSpeedWalk.swift */,
				DAABC80F1D62A1BA00807DA9 /* MProjectsDetailItemSpeedRun.swift */,
				DAABC8111D62A1C600807DA9 /* MProjectsDetailItemSpeedVehicle.swift */,
			);
			path = Projects;
			sourceTree = "<group>";
		};
		DAE03F121D605FF50054CDEB /* Resource */ = {
			isa = PBXGroup;
			children = (
				DAE03F961D6080390054CDEB /* LaunchScreen.storyboard */,
				DAE03F151D605FF50054CDEB /* Localizable.strings */,
			);
			path = Resource;
			sourceTree = "<group>";
		};
		DAE03F1A1D605FF50054CDEB /* View */ = {
			isa = PBXGroup;
			children = (
				DAB0884C1D64BA6100C3A083 /* Settings */,
				DAE03F1B1D605FF50054CDEB /* Create */,
				DAE03F221D605FF50054CDEB /* Main */,
				DAE03F2B1D605FF50054CDEB /* Projects */,
			);
			path = View;
			sourceTree = "<group>";
		};
		DAE03F1B1D605FF50054CDEB /* Create */ = {
			isa = PBXGroup;
			children = (
				DAE03F1C1D605FF50054CDEB /* VCreate.swift */,
				DAB088631D6509ED00C3A083 /* VCreateFinder.swift */,
				DAE03F9A1D610C0F0054CDEB /* VCreateMap.swift */,
				DAE03FA21D6110590054CDEB /* VCreateMapPin.swift */,
				DAE03FC91D61538A0054CDEB /* VCreateMapPointer.swift */,
				DAE03FAC1D6116640054CDEB /* VCreateOptions.swift */,
				DAE03FB01D611AE30054CDEB /* VCreateOptionsCell.swift */,
			);
			path = Create;
			sourceTree = "<group>";
		};
		DAE03F221D605FF50054CDEB /* Main */ = {
			isa = PBXGroup;
			children = (
				DAE03F231D605FF50054CDEB /* Bar */,
				DAE03F271D605FF50054CDEB /* Generic */,
			);
			path = Main;
			sourceTree = "<group>";
		};
		DAE03F231D605FF50054CDEB /* Bar */ = {
			isa = PBXGroup;
			children = (
				DAE03F241D605FF50054CDEB /* VMainBar.swift */,
				DAE03F251D605FF50054CDEB /* VMainBarBack.swift */,
				DAE03F261D605FF50054CDEB /* VMainBarCell.swift */,
			);
			path = Bar;
			sourceTree = "<group>";
		};
		DAE03F271D605FF50054CDEB /* Generic */ = {
			isa = PBXGroup;
			children = (
				DAE03F811D6068040054CDEB /* VMainShadow.swift */,
				DAE03F281D605FF50054CDEB /* VMainAlert.swift */,
				DAE03F291D605FF50054CDEB /* VMainLoader.swift */,
			);
			path = Generic;
			sourceTree = "<group>";
		};
		DAE03F2B1D605FF50054CDEB /* Projects */ = {
			isa = PBXGroup;
			children = (
				DAE03F2C1D605FF50054CDEB /* VProjects.swift */,
				DA9AC6991D6246EA00F0F5C8 /* VProjectsCell.swift */,
				DA9AC69F1D62512A00F0F5C8 /* VProjectsHeader.swift */,
				DAABC7FF1D629AEE00807DA9 /* VProjectsDetail.swift */,
				DAABC8131D62A5B900807DA9 /* VProjectsDetailHeader.swift */,
				DAABC8151D62A5C300807DA9 /* VProjectsDetailFooter.swift */,
				DAABC8171D62A5D200807DA9 /* VProjectsDetailCell.swift */,
				DAABC8191D62A89000807DA9 /* VProjectsDetailCellSpeed.swift */,
			);
			path = Projects;
			sourceTree = "<group>";
		};
		DAE03F8D1D607BAA0054CDEB /* PokePass */ = {
			isa = PBXGroup;
			children = (
				DAB088461D64B7EE00C3A083 /* DPokePassSettings.swift */,
				DAE03F8F1D607BAA0054CDEB /* DPokePassLocation.swift */,
				DAE03F911D607BAA0054CDEB /* DPokePassProject.swift */,
			);
			path = PokePass;
			sourceTree = "<group>";
		};
/* End PBXGroup section */

/* Begin PBXNativeTarget section */
		DA26029B1D5E8EC000C3A280 /* pokepass */ = {
			isa = PBXNativeTarget;
			buildConfigurationList = DA2602BC1D5E8EC000C3A280 /* Build configuration list for PBXNativeTarget "pokepass" */;
			buildPhases = (
				DA2602981D5E8EC000C3A280 /* Sources */,
				DA2602991D5E8EC000C3A280 /* Frameworks */,
				DA26029A1D5E8EC000C3A280 /* Resources */,
			);
			buildRules = (
			);
			dependencies = (
			);
			name = pokepass;
			productName = pokepass;
			productReference = DA26029C1D5E8EC000C3A280 /* pokepass.app */;
			productType = "com.apple.product-type.application";
		};
/* End PBXNativeTarget section */

/* Begin PBXProject section */
		DA2602941D5E8EC000C3A280 /* Project object */ = {
			isa = PBXProject;
			attributes = {
				LastSwiftUpdateCheck = 0730;
				LastUpgradeCheck = 0730;
				ORGANIZATIONNAME = iturbide;
				TargetAttributes = {
					DA26029B1D5E8EC000C3A280 = {
						CreatedOnToolsVersion = 7.3.1;
						DevelopmentTeam = 7AMWG3RLHN;
						LastSwiftMigration = 0810;
						SystemCapabilities = {
							com.apple.Maps.iOS = {
								enabled = 1;
							};
						};
					};
				};
			};
			buildConfigurationList = DA2602971D5E8EC000C3A280 /* Build configuration list for PBXProject "pokepass" */;
			compatibilityVersion = "Xcode 3.2";
			developmentRegion = English;
			hasScannedForEncodings = 0;
			knownRegions = (
				en,
			);
			mainGroup = DA2602931D5E8EC000C3A280;
			productRefGroup = DA26029D1D5E8EC000C3A280 /* Products */;
			projectDirPath = "";
			projectRoot = "";
			targets = (
				DA26029B1D5E8EC000C3A280 /* pokepass */,
			);
		};
/* End PBXProject section */

/* Begin PBXResourcesBuildPhase section */
		DA26029A1D5E8EC000C3A280 /* Resources */ = {
			isa = PBXResourcesBuildPhase;
			buildActionMask = 2147483647;
			files = (
				DAE03F701D605FF50054CDEB /* Localizable.strings in Resources */,
				DAE03FB31D61300B0054CDEB /* ui.xcassets in Resources */,
				DAE03F971D6080390054CDEB /* LaunchScreen.storyboard in Resources */,
				DAE03F2D1D605FF50054CDEB /* brand.xcassets in Resources */,
			);
			runOnlyForDeploymentPostprocessing = 0;
		};
/* End PBXResourcesBuildPhase section */

/* Begin PBXSourcesBuildPhase section */
		DA2602981D5E8EC000C3A280 /* Sources */ = {
			isa = PBXSourcesBuildPhase;
			buildActionMask = 2147483647;
			files = (
				DAE03F401D605FF50054CDEB /* DManagerSaver.swift in Sources */,
				DAABC8101D62A1BA00807DA9 /* MProjectsDetailItemSpeedRun.swift in Sources */,
				DA9AC69C1D62498700F0F5C8 /* MProjects.swift in Sources */,
				DAE03F571D605FF50054CDEB /* MMainTransitionFade.swift in Sources */,
				DAAE307D1E06260300AFAA98 /* DGPX.xcdatamodeld in Sources */,
				DAE03F7B1D605FF50054CDEB /* VMainBarCell.swift in Sources */,
				DAE03F531D605FF50054CDEB /* MMainNavPos.swift in Sources */,
				DAE03F471D605FF50054CDEB /* MCreate.swift in Sources */,
				DAE03F3A1D605FF50054CDEB /* CMainController.swift in Sources */,
				DAE03F581D605FF50054CDEB /* MMainTransitionPop.swift in Sources */,
				DAE03F491D605FF50054CDEB /* MMainNavItem.swift in Sources */,
				DAE03F311D605FF50054CDEB /* CategoryNSManagerdObject.swift in Sources */,
				DAE03FB11D611AE30054CDEB /* VCreateOptionsCell.swift in Sources */,
				DAE03F3B1D605FF50054CDEB /* CMainParent.swift in Sources */,
				DAE03F3C1D605FF50054CDEB /* CProjects.swift in Sources */,
				DAB088501D64D30800C3A083 /* CSettings.swift in Sources */,
				DAE03F931D607BAA0054CDEB /* DPokePassLocation.swift in Sources */,
				DAABC8161D62A5C300807DA9 /* VProjectsDetailFooter.swift in Sources */,
				DAE03F951D607BAA0054CDEB /* DPokePassProject.swift in Sources */,
				DAB088581D64D5B100C3A083 /* MSettingsMenuItemMetrics.swift in Sources */,
				DAB0885C1D64DE2A00C3A083 /* VSettingsCellMetrics.swift in Sources */,
				DAE03F541D605FF50054CDEB /* MMainNavPostNormal.swift in Sources */,
				DAB088541D64D54C00C3A083 /* MSettingsMenu.swift in Sources */,
				DAB088521D64D37F00C3A083 /* VSettings.swift in Sources */,
				DAE03F511D605FF50054CDEB /* MMainNavItemStateActive.swift in Sources */,
				DAE03FBE1D6137200054CDEB /* MCreateOptions.swift in Sources */,
				DAE03F5C1D605FF50054CDEB /* MMainTransitionScrollRight.swift in Sources */,
				DAABC8121D62A1C600807DA9 /* MProjectsDetailItemSpeedVehicle.swift in Sources */,
				DA9AC69A1D6246EA00F0F5C8 /* VProjectsCell.swift in Sources */,
				DAE03F341D605FF50054CDEB /* CategoryUIColor.swift in Sources */,
				DAABC7FE1D629ACC00807DA9 /* CProjectsDetail.swift in Sources */,
				DAE03F321D605FF50054CDEB /* CategoryNSNotification.swift in Sources */,
				DAE03F9D1D610F430054CDEB /* MCreateAnnotation.swift in Sources */,
				DAE03F351D605FF50054CDEB /* CategoryUIFont.swift in Sources */,
				DAABC81A1D62A89000807DA9 /* VProjectsDetailCellSpeed.swift in Sources */,
				DAE03F5B1D605FF50054CDEB /* MMainTransitionScrollLeft.swift in Sources */,
				DAE03F731D605FF50054CDEB /* VCreate.swift in Sources */,
				DAE03F501D605FF50054CDEB /* MMainNavItemState.swift in Sources */,
				DAE03F481D605FF50054CDEB /* MMainNav.swift in Sources */,
				DAABC80C1D62A1A100807DA9 /* MProjectsDetailItemSpeedSlowWalk.swift in Sources */,
				DAE03F7C1D605FF50054CDEB /* VMainAlert.swift in Sources */,
				DAB088481D64B7EE00C3A083 /* DPokePassSettings.swift in Sources */,
				DAE03F521D605FF50054CDEB /* MMainNavItemStateNone.swift in Sources */,
				DAE03FA31D6110590054CDEB /* VCreateMapPin.swift in Sources */,
				DAE03F381D605FF50054CDEB /* CCreate.swift in Sources */,
				DAE03FC21D6138820054CDEB /* MCreateOptionsItemSave.swift in Sources */,
				DA9AC69E1D6249AD00F0F5C8 /* MProjectsItem.swift in Sources */,
				DAABC8061D629DEB00807DA9 /* MProjectsDetailItem.swift in Sources */,
				DAB0885E1D64EDA600C3A083 /* MSettingsMenuItemMetricsOption.swift in Sources */,
				DAE03F791D605FF50054CDEB /* VMainBar.swift in Sources */,
				DAAE307F1E06263700AFAA98 /* DManager.swift in Sources */,
				DAE03F9B1D610C0F0054CDEB /* VCreateMap.swift in Sources */,
				DAB088411D64B3BA00C3A083 /* MMainNavItemSettings.swift in Sources */,
				DAE03F4A1D605FF50054CDEB /* MMainNavItemCreate.swift in Sources */,
				DAB0884E1D64BAB100C3A083 /* MSettings.swift in Sources */,
				DAE03F331D605FF50054CDEB /* CategoryUICollectionReusableView.swift in Sources */,
				DAE03FC01D61372C0054CDEB /* MCreateOptionsItem.swift in Sources */,
				DAE03F5A1D605FF50054CDEB /* MMainTransitionReplace.swift in Sources */,
				DAE03F3D1D605FF50054CDEB /* DManager.swift in Sources */,
				DAE03FCA1D61538A0054CDEB /* VCreateMapPointer.swift in Sources */,
				DAE03FA91D6111C90054CDEB /* CategoryMKAnnotationView.swift in Sources */,
				DAB088561D64D59600C3A083 /* MSettingsMenuItem.swift in Sources */,
				DAE03F7F1D605FF50054CDEB /* VProjects.swift in Sources */,
				DAABC8181D62A5D200807DA9 /* VProjectsDetailCell.swift in Sources */,
				DA0977B01D63652100DBE72A /* MProjectItemLocation.swift in Sources */,
				DA9AC6A01D62512A00F0F5C8 /* VProjectsHeader.swift in Sources */,
				DAE03F551D605FF50054CDEB /* MMainNavPostPushed.swift in Sources */,
				DAB088641D6509ED00C3A083 /* VCreateFinder.swift in Sources */,
				DAE03F411D605FF50054CDEB /* DPokePassModel.xcdatamodeld in Sources */,
				DAE03F841D6069330054CDEB /* MMainNavItemProjects.swift in Sources */,
				DAE03F391D605FF50054CDEB /* CMain.swift in Sources */,
				DAABC8001D629AEE00807DA9 /* VProjectsDetail.swift in Sources */,
				DAABC8041D629DD100807DA9 /* MProjectsDetailSection.swift in Sources */,
				DAABC80E1D62A1AE00807DA9 /* MProjectsDetailItemSpeedWalk.swift in Sources */,
				DAABC8141D62A5B900807DA9 /* VProjectsDetailHeader.swift in Sources */,
				DAE03FC41D6138C30054CDEB /* MCreateOptionsItemClear.swift in Sources */,
				DAE03F561D605FF50054CDEB /* MMainTransition.swift in Sources */,
				DAABC8081D629FF500807DA9 /* MProjectsDetailSectionSpeed.swift in Sources */,
				DAE03F7D1D605FF50054CDEB /* VMainLoader.swift in Sources */,
				DAABC80A1D62A18A00807DA9 /* MProjectsDetailItemSpeed.swift in Sources */,
				DAE03F301D605FF50054CDEB /* CategoryNSFileManager.swift in Sources */,
				DAABC8021D629DC400807DA9 /* MProjectsDetail.swift in Sources */,
				DAB088621D64EDD900C3A083 /* MSettingsMenuItemMetricsOptionUs.swift in Sources */,
				DAB0885A1D64D71500C3A083 /* VSettingsCell.swift in Sources */,
				DAE03F3E1D605FF50054CDEB /* DManagerModel.swift in Sources */,
				DAE03F821D6068040054CDEB /* VMainShadow.swift in Sources */,
				DAE03F3F1D605FF50054CDEB /* DManagerModelPokePass.swift in Sources */,
				DAE03FAD1D6116640054CDEB /* VCreateOptions.swift in Sources */,
				DAE03F7A1D605FF50054CDEB /* VMainBarBack.swift in Sources */,
				DAB088601D64EDCB00C3A083 /* MSettingsMenuItemMetricsOptionInternational.swift in Sources */,
				DAE03F591D605FF50054CDEB /* MMainTransitionPush.swift in Sources */,
			);
			runOnlyForDeploymentPostprocessing = 0;
		};
/* End PBXSourcesBuildPhase section */

/* Begin PBXVariantGroup section */
		DAE03F151D605FF50054CDEB /* Localizable.strings */ = {
			isa = PBXVariantGroup;
			children = (
				DAE03F161D605FF50054CDEB /* en */,
			);
			name = Localizable.strings;
			sourceTree = "<group>";
		};
/* End PBXVariantGroup section */

/* Begin XCBuildConfiguration section */
		DA2602BA1D5E8EC000C3A280 /* Debug */ = {
			isa = XCBuildConfiguration;
			buildSettings = {
				ALWAYS_SEARCH_USER_PATHS = NO;
				CLANG_ANALYZER_NONNULL = YES;
				CLANG_CXX_LANGUAGE_STANDARD = "gnu++0x";
				CLANG_CXX_LIBRARY = "libc++";
				CLANG_ENABLE_MODULES = YES;
				CLANG_ENABLE_OBJC_ARC = YES;
				CLANG_WARN_BOOL_CONVERSION = YES;
				CLANG_WARN_CONSTANT_CONVERSION = YES;
				CLANG_WARN_DIRECT_OBJC_ISA_USAGE = YES_ERROR;
				CLANG_WARN_EMPTY_BODY = YES;
				CLANG_WARN_ENUM_CONVERSION = YES;
				CLANG_WARN_INT_CONVERSION = YES;
				CLANG_WARN_OBJC_ROOT_CLASS = YES_ERROR;
				CLANG_WARN_UNREACHABLE_CODE = YES;
				CLANG_WARN__DUPLICATE_METHOD_MATCH = YES;
				CODE_SIGN_IDENTITY = "iPhone Developer: Agustin Iturbide (Q3HFYLXFGT)";
				COPY_PHASE_STRIP = NO;
				DEBUG_INFORMATION_FORMAT = dwarf;
				ENABLE_STRICT_OBJC_MSGSEND = YES;
				ENABLE_TESTABILITY = YES;
				GCC_C_LANGUAGE_STANDARD = gnu99;
				GCC_DYNAMIC_NO_PIC = NO;
				GCC_NO_COMMON_BLOCKS = YES;
				GCC_OPTIMIZATION_LEVEL = 0;
				GCC_PREPROCESSOR_DEFINITIONS = (
					"DEBUG=1",
					"$(inherited)",
				);
				GCC_WARN_64_TO_32_BIT_CONVERSION = YES;
				GCC_WARN_ABOUT_RETURN_TYPE = YES_ERROR;
				GCC_WARN_UNDECLARED_SELECTOR = YES;
				GCC_WARN_UNINITIALIZED_AUTOS = YES_AGGRESSIVE;
				GCC_WARN_UNUSED_FUNCTION = YES;
				GCC_WARN_UNUSED_VARIABLE = YES;
				IPHONEOS_DEPLOYMENT_TARGET = 9.0;
				MTL_ENABLE_DEBUG_INFO = YES;
				ONLY_ACTIVE_ARCH = YES;
				PROVISIONING_PROFILE = "5cd8166c-7e2a-4778-ae81-b753478e412b";
				SDKROOT = iphoneos;
				SWIFT_OPTIMIZATION_LEVEL = "-Onone";
				TARGETED_DEVICE_FAMILY = "1,2";
			};
			name = Debug;
		};
		DA2602BB1D5E8EC000C3A280 /* Release */ = {
			isa = XCBuildConfiguration;
			buildSettings = {
				ALWAYS_SEARCH_USER_PATHS = NO;
				CLANG_ANALYZER_NONNULL = YES;
				CLANG_CXX_LANGUAGE_STANDARD = "gnu++0x";
				CLANG_CXX_LIBRARY = "libc++";
				CLANG_ENABLE_MODULES = YES;
				CLANG_ENABLE_OBJC_ARC = YES;
				CLANG_WARN_BOOL_CONVERSION = YES;
				CLANG_WARN_CONSTANT_CONVERSION = YES;
				CLANG_WARN_DIRECT_OBJC_ISA_USAGE = YES_ERROR;
				CLANG_WARN_EMPTY_BODY = YES;
				CLANG_WARN_ENUM_CONVERSION = YES;
				CLANG_WARN_INT_CONVERSION = YES;
				CLANG_WARN_OBJC_ROOT_CLASS = YES_ERROR;
				CLANG_WARN_UNREACHABLE_CODE = YES;
				CLANG_WARN__DUPLICATE_METHOD_MATCH = YES;
				CODE_SIGN_IDENTITY = "iPhone Distribution: Agustin Iturbide (7AMWG3RLHN)";
				COPY_PHASE_STRIP = NO;
				DEBUG_INFORMATION_FORMAT = "dwarf-with-dsym";
				ENABLE_NS_ASSERTIONS = NO;
				ENABLE_STRICT_OBJC_MSGSEND = YES;
				GCC_C_LANGUAGE_STANDARD = gnu99;
				GCC_NO_COMMON_BLOCKS = YES;
				GCC_WARN_64_TO_32_BIT_CONVERSION = YES;
				GCC_WARN_ABOUT_RETURN_TYPE = YES_ERROR;
				GCC_WARN_UNDECLARED_SELECTOR = YES;
				GCC_WARN_UNINITIALIZED_AUTOS = YES_AGGRESSIVE;
				GCC_WARN_UNUSED_FUNCTION = YES;
				GCC_WARN_UNUSED_VARIABLE = YES;
				IPHONEOS_DEPLOYMENT_TARGET = 9.0;
				MTL_ENABLE_DEBUG_INFO = NO;
				PROVISIONING_PROFILE = "b46ac46e-75d5-4fc6-a19f-65ba9789a772";
				SDKROOT = iphoneos;
				TARGETED_DEVICE_FAMILY = "1,2";
				VALIDATE_PRODUCT = YES;
			};
			name = Release;
		};
		DA2602BD1D5E8EC000C3A280 /* Debug */ = {
			isa = XCBuildConfiguration;
			buildSettings = {
				ASSETCATALOG_COMPILER_APPICON_NAME = AppIcon;
				CODE_SIGN_IDENTITY = "iPhone Developer";
				INFOPLIST_FILE = pokepass/Info.plist;
				IPHONEOS_DEPLOYMENT_TARGET = 9.0;
				LD_RUNPATH_SEARCH_PATHS = "$(inherited) @executable_path/Frameworks";
				PRODUCT_BUNDLE_IDENTIFIER = iturbide.pokepass;
				PRODUCT_NAME = "$(TARGET_NAME)";
				SWIFT_VERSION = 3.0;
				TARGETED_DEVICE_FAMILY = "1,2";
			};
			name = Debug;
		};
		DA2602BE1D5E8EC000C3A280 /* Release */ = {
			isa = XCBuildConfiguration;
			buildSettings = {
				ASSETCATALOG_COMPILER_APPICON_NAME = AppIcon;
				CODE_SIGN_IDENTITY = "iPhone Distribution";
				INFOPLIST_FILE = pokepass/Info.plist;
				IPHONEOS_DEPLOYMENT_TARGET = 9.0;
				LD_RUNPATH_SEARCH_PATHS = "$(inherited) @executable_path/Frameworks";
				PRODUCT_BUNDLE_IDENTIFIER = iturbide.pokepass;
				PRODUCT_NAME = "$(TARGET_NAME)";
				SWIFT_VERSION = 3.0;
				TARGETED_DEVICE_FAMILY = "1,2";
			};
			name = Release;
		};
/* End XCBuildConfiguration section */

/* Begin XCConfigurationList section */
		DA2602971D5E8EC000C3A280 /* Build configuration list for PBXProject "pokepass" */ = {
			isa = XCConfigurationList;
			buildConfigurations = (
				DA2602BA1D5E8EC000C3A280 /* Debug */,
				DA2602BB1D5E8EC000C3A280 /* Release */,
			);
			defaultConfigurationIsVisible = 0;
			defaultConfigurationName = Release;
		};
		DA2602BC1D5E8EC000C3A280 /* Build configuration list for PBXNativeTarget "pokepass" */ = {
			isa = XCConfigurationList;
			buildConfigurations = (
				DA2602BD1D5E8EC000C3A280 /* Debug */,
				DA2602BE1D5E8EC000C3A280 /* Release */,
			);
			defaultConfigurationIsVisible = 0;
			defaultConfigurationName = Release;
		};
/* End XCConfigurationList section */

/* Begin XCVersionGroup section */
		DAAE307B1E06260300AFAA98 /* DGPX.xcdatamodeld */ = {
			isa = XCVersionGroup;
			children = (
				DAAE307C1E06260300AFAA98 /* DGPX.xcdatamodel */,
			);
			currentVersion = DAAE307C1E06260300AFAA98 /* DGPX.xcdatamodel */;
			path = DGPX.xcdatamodeld;
			sourceTree = "<group>";
			versionGroupType = wrapper.xcdatamodel;
		};
		DAE03ED61D605FF50054CDEB /* DPokePassModel.xcdatamodeld */ = {
			isa = XCVersionGroup;
			children = (
				DAE03ED71D605FF50054CDEB /* infra.xcdatamodel */,
			);
			currentVersion = DAE03ED71D605FF50054CDEB /* infra.xcdatamodel */;
			path = DPokePassModel.xcdatamodeld;
			sourceTree = "<group>";
			versionGroupType = wrapper.xcdatamodel;
		};
/* End XCVersionGroup section */
	};
	rootObject = DA2602941D5E8EC000C3A280 /* Project object */;
}
